# THIS IS AN AUTOGENERATED FILE. DO NOT EDIT THIS FILE DIRECTLY.
# yarn lockfile v1


"@ckeditor/ckeditor5-adapter-ckfinder@42.0.0":
  version "42.0.0"
  resolved "https://registry.yarnpkg.com/@ckeditor/ckeditor5-adapter-ckfinder/-/ckeditor5-adapter-ckfinder-42.0.0.tgz#f5791bc2c53fa85354a849ae7ebae891cefc9b43"
  integrity sha512-d07ywmOA3ZwqL9tTT1c8oAScqqhA0Az8GC6HqIkPuSaCRKVC55aOLDkmPyACiHFkUkrhmCV9ldkVKoqptxRJVQ==
  dependencies:
    ckeditor5 "42.0.0"

"@ckeditor/ckeditor5-alignment@42.0.0", "@ckeditor/ckeditor5-alignment@^42.0.0":
  version "42.0.0"
  resolved "https://registry.yarnpkg.com/@ckeditor/ckeditor5-alignment/-/ckeditor5-alignment-42.0.0.tgz#f9f489f6b25b3be208b4907e9244900e40065c65"
  integrity sha512-hr1v5shN3D41EhnliLc5Svrg/JfyoKnSgnFLvejTYdd8HCyVqfiedgFCYP/goeSZTaGPpAIPojYdpQwtJON6+Q==
  dependencies:
    ckeditor5 "42.0.0"

"@ckeditor/ckeditor5-autoformat@42.0.0", "@ckeditor/ckeditor5-autoformat@^42.0.0":
  version "42.0.0"
  resolved "https://registry.yarnpkg.com/@ckeditor/ckeditor5-autoformat/-/ckeditor5-autoformat-42.0.0.tgz#363e05ecdce9eac43d55ca04d14bf7e5f182a7f1"
  integrity sha512-dGMwLPk4Q3Np/dVAOqwVefnS0dRGqARmcnV9lhpeC44mw+1ba3pxpCitxHkZY8epQHkLyhOuacWTPqSqAcB+bQ==
  dependencies:
    ckeditor5 "42.0.0"

"@ckeditor/ckeditor5-autosave@42.0.0", "@ckeditor/ckeditor5-autosave@^42.0.0":
  version "42.0.0"
  resolved "https://registry.yarnpkg.com/@ckeditor/ckeditor5-autosave/-/ckeditor5-autosave-42.0.0.tgz#68b172f9b7f05200f912f303c9acdb8e1dd8ca3f"
  integrity sha512-Tqd8xbvjF6WTMl8R0QaCU0IW/TdqR1SlH/qXuLd+D96crCcXArRFdJ+oIjw6eJ436iI1Yp0aHzZb/KAnZ75Jww==
  dependencies:
    ckeditor5 "42.0.0"
    lodash-es "4.17.21"

"@ckeditor/ckeditor5-basic-styles@42.0.0", "@ckeditor/ckeditor5-basic-styles@^42.0.0":
  version "42.0.0"
  resolved "https://registry.yarnpkg.com/@ckeditor/ckeditor5-basic-styles/-/ckeditor5-basic-styles-42.0.0.tgz#2c940aeb25fae3520d1a9b4f9534d5c2a370a6c9"
  integrity sha512-CWMlmdTilDMlMrTA4UzxkSIpxliafcAC6mp2doDkm3MZ1K6+YewHpcxHRuZAsBMYGkmQSLq0YcqdTnDXoICSXA==
  dependencies:
    ckeditor5 "42.0.0"

"@ckeditor/ckeditor5-block-quote@42.0.0", "@ckeditor/ckeditor5-block-quote@^42.0.0":
  version "42.0.0"
  resolved "https://registry.yarnpkg.com/@ckeditor/ckeditor5-block-quote/-/ckeditor5-block-quote-42.0.0.tgz#9e6f8acbe4f674596d24d84e8f76c205742fa9e8"
  integrity sha512-VBXHHHALhW+iBfyAiQxskV45ozVGuanKRNagVXHPba0QLIEa2JUN75/5RVZVw3qr2BqS1wUKCrbb4qHeF94Otw==
  dependencies:
    ckeditor5 "42.0.0"

"@ckeditor/ckeditor5-ckbox@42.0.0":
  version "42.0.0"
  resolved "https://registry.yarnpkg.com/@ckeditor/ckeditor5-ckbox/-/ckeditor5-ckbox-42.0.0.tgz#0948248c50ace493f61d6dd188e25abc7385c457"
  integrity sha512-QcfLRpherNotB8XxMzHYk+CeAcqNOHan5e+kBN+mOcPkIcsbapt7RPI680YChw/sv/0yY8/5SbvXdcsn+KCFzw==
  dependencies:
    blurhash "2.0.5"
    ckeditor5 "42.0.0"
    lodash-es "4.17.21"

"@ckeditor/ckeditor5-ckfinder@42.0.0":
  version "42.0.0"
  resolved "https://registry.yarnpkg.com/@ckeditor/ckeditor5-ckfinder/-/ckeditor5-ckfinder-42.0.0.tgz#4d211940b2b3bc8d60677f82889c0943f550d1c1"
  integrity sha512-P5hCrP4EPWRdIg7vXh2PjpovWq1SLgfjRCqC+a9hs5q/W3nYc+SIZbawJOV/kr5eq/E1O4e2flehGG7Y22AKVw==
  dependencies:
    ckeditor5 "42.0.0"

"@ckeditor/ckeditor5-clipboard@39.0.2":
  version "39.0.2"
  resolved "https://registry.yarnpkg.com/@ckeditor/ckeditor5-clipboard/-/ckeditor5-clipboard-39.0.2.tgz#21a9defa3144e30a86fae67792ea2e958f6a4cdc"
  integrity sha512-SSuanBiQ4lWznXSGyeV5vqQweVWZ1+iZG1/atmrZSb/BOWa3XD6EGPu9tuzdm9MCjk2OxBuyMT07Cw+WzXFosQ==
  dependencies:
    "@ckeditor/ckeditor5-core" "39.0.2"
    "@ckeditor/ckeditor5-engine" "39.0.2"
    "@ckeditor/ckeditor5-ui" "39.0.2"
    "@ckeditor/ckeditor5-utils" "39.0.2"
    "@ckeditor/ckeditor5-widget" "39.0.2"
    lodash-es "4.17.21"

"@ckeditor/ckeditor5-clipboard@42.0.0":
  version "42.0.0"
  resolved "https://registry.yarnpkg.com/@ckeditor/ckeditor5-clipboard/-/ckeditor5-clipboard-42.0.0.tgz#bc41702e5c73435d14af558838357f016ab9812d"
  integrity sha512-/ajaQ5q0auwNsZEX1rveGQ5lBpeuhWWAVo/Ouv1IJT77G6nFDubqlYcKZEidGne2v1wtIgDK+nddnlxVdX8tvQ==
  dependencies:
    "@ckeditor/ckeditor5-core" "42.0.0"
    "@ckeditor/ckeditor5-engine" "42.0.0"
    "@ckeditor/ckeditor5-ui" "42.0.0"
    "@ckeditor/ckeditor5-utils" "42.0.0"
    "@ckeditor/ckeditor5-widget" "42.0.0"
    lodash-es "4.17.21"

"@ckeditor/ckeditor5-cloud-services@42.0.0":
  version "42.0.0"
  resolved "https://registry.yarnpkg.com/@ckeditor/ckeditor5-cloud-services/-/ckeditor5-cloud-services-42.0.0.tgz#5a2cf15b77126f3b09b5961d36d3d2956e9e53fc"
  integrity sha512-PfH3PPB9fkweXSBfHzTbsHP/jEfDmkueGKGVkO7Z/luCASWjtNfQypykkkrDnMRv1PMJmBnK9wheWEGqBoS4kA==
  dependencies:
    ckeditor5 "42.0.0"

"@ckeditor/ckeditor5-code-block@42.0.0", "@ckeditor/ckeditor5-code-block@^42.0.0":
  version "42.0.0"
  resolved "https://registry.yarnpkg.com/@ckeditor/ckeditor5-code-block/-/ckeditor5-code-block-42.0.0.tgz#72c86cc7c8cd0ccaed91a95c94ed0efc4876f1bb"
  integrity sha512-RsXWRo6pbI2MsMHE+AE03UqEHgzErj/EO1lQy4vqgNNHqhXWqjMQZo4WSnzboczHRjNi3cNNFIw6r4nqm1Yz9w==
  dependencies:
    ckeditor5 "42.0.0"
    lodash-es "4.17.21"

"@ckeditor/ckeditor5-core@39.0.2":
  version "39.0.2"
  resolved "https://registry.yarnpkg.com/@ckeditor/ckeditor5-core/-/ckeditor5-core-39.0.2.tgz#fa8a9430f8de53f1edca20d7309f058446842167"
  integrity sha512-/xtor5vIXgwBVsAj+yO/wyzezQUmXabdkb/T8aSXtO2665zeOVbDbtSsJ1Ov7Tz5A4Ia1pA9d7iDCt7E8Kva7A==
  dependencies:
    "@ckeditor/ckeditor5-engine" "39.0.2"
    "@ckeditor/ckeditor5-utils" "39.0.2"
    lodash-es "4.17.21"

"@ckeditor/ckeditor5-core@42.0.0":
  version "42.0.0"
  resolved "https://registry.yarnpkg.com/@ckeditor/ckeditor5-core/-/ckeditor5-core-42.0.0.tgz#6f2db7f89e729953f67a21d06af84bf68a62d4b4"
  integrity sha512-0WZTQM4JD3qobXNTPRMq0o1t+vYRWzkzX0LwoooZVn7NKIqCrYqVsTuV0xsN7qT0vdFNRvA9TYYfinw7j9Y4rw==
  dependencies:
    "@ckeditor/ckeditor5-engine" "42.0.0"
    "@ckeditor/ckeditor5-utils" "42.0.0"
    "@ckeditor/ckeditor5-watchdog" "42.0.0"
    lodash-es "4.17.21"

"@ckeditor/ckeditor5-easy-image@42.0.0", "@ckeditor/ckeditor5-easy-image@^42.0.0":
  version "42.0.0"
  resolved "https://registry.yarnpkg.com/@ckeditor/ckeditor5-easy-image/-/ckeditor5-easy-image-42.0.0.tgz#e4b196cb748b9ae13ccadb23841bf14f2f1b56b8"
  integrity sha512-Sb0DxfeN/BSq17ITkEoiCNMIqVcpV4JvNzDe7NlYnzmo6zL5HLX8Qd/fQAV44MrTZY8Lifkd4zqFSmSCcCZC2g==
  dependencies:
    ckeditor5 "42.0.0"

"@ckeditor/ckeditor5-editor-balloon@42.0.0":
  version "42.0.0"
  resolved "https://registry.yarnpkg.com/@ckeditor/ckeditor5-editor-balloon/-/ckeditor5-editor-balloon-42.0.0.tgz#2217b19d03c67fbf46832ce66a1ba0766f33e920"
  integrity sha512-tTszKMob0WO7J3xEIi2GQxtDgY19dUTcGHBqpMRE2bcGTUKeeeqjfJwnNww/kDjYR+e4fmz9U5VRVg8PKQZVqQ==
  dependencies:
    ckeditor5 "42.0.0"
    lodash-es "4.17.21"

"@ckeditor/ckeditor5-editor-classic@42.0.0", "@ckeditor/ckeditor5-editor-classic@^42.0.0":
  version "42.0.0"
  resolved "https://registry.yarnpkg.com/@ckeditor/ckeditor5-editor-classic/-/ckeditor5-editor-classic-42.0.0.tgz#7c98854081576d8af966a424402fddd0b18bd7ae"
  integrity sha512-/Np+DH2AVlkPVk3pkIJxJaJp2x+2GXkvn3wo/5ZFGbVBXI+e9todALoRRg2dB9EVRpv08I3ajzk5k1yl6MFa5w==
  dependencies:
    ckeditor5 "42.0.0"
    lodash-es "4.17.21"

"@ckeditor/ckeditor5-editor-decoupled@42.0.0":
  version "42.0.0"
  resolved "https://registry.yarnpkg.com/@ckeditor/ckeditor5-editor-decoupled/-/ckeditor5-editor-decoupled-42.0.0.tgz#4f9eece9df1f67e8eabf4bd509c4548dcc9f79e5"
  integrity sha512-bTgtSsu2f7QOMtWXZ2BQvnZ/DHRQE/wL9qN5MBhTbNf7vcayEEo++GJ/3sgLctzL7FxRCY0IqRvSrBf4fLFEZg==
  dependencies:
    ckeditor5 "42.0.0"
    lodash-es "4.17.21"

"@ckeditor/ckeditor5-editor-inline@42.0.0":
  version "42.0.0"
  resolved "https://registry.yarnpkg.com/@ckeditor/ckeditor5-editor-inline/-/ckeditor5-editor-inline-42.0.0.tgz#899e755bae8e49faccd08cafd2543106f3241ff5"
  integrity sha512-JUe8YV59Ek4lornaa5hXQQOFkDxA3l0tp9qVIdkl2WONI1pjtK1aMxWJgeybxRGDHPSJW2Wyu/kNKw2slQP+Jg==
  dependencies:
    ckeditor5 "42.0.0"
    lodash-es "4.17.21"

"@ckeditor/ckeditor5-editor-multi-root@42.0.0":
  version "42.0.0"
  resolved "https://registry.yarnpkg.com/@ckeditor/ckeditor5-editor-multi-root/-/ckeditor5-editor-multi-root-42.0.0.tgz#e240f4fa3a50df67c54c9c8d5760e95794816620"
  integrity sha512-l/+xnoVIGJeX3qU8CEKdc5RNr0Bbch2t5VNNK+N9An4SrK4ScLESyrKsIoWc4XPOoyhNe1j0luT8Ix35ftDroQ==
  dependencies:
    ckeditor5 "42.0.0"
    lodash-es "4.17.21"

"@ckeditor/ckeditor5-engine@39.0.2":
  version "39.0.2"
  resolved "https://registry.yarnpkg.com/@ckeditor/ckeditor5-engine/-/ckeditor5-engine-39.0.2.tgz#5cb5ee83539d81645ae40a7462e651fc51c0bda0"
  integrity sha512-ERcEpIrmTML0/uhukkC+ZJSOx4mRaPbNG5vPEBXIentfDpzu1NrmUhGZRGXaw5lltL+NJbuTI0wjEINap0Hl3w==
  dependencies:
    "@ckeditor/ckeditor5-utils" "39.0.2"
    lodash-es "4.17.21"

"@ckeditor/ckeditor5-engine@42.0.0":
  version "42.0.0"
  resolved "https://registry.yarnpkg.com/@ckeditor/ckeditor5-engine/-/ckeditor5-engine-42.0.0.tgz#0479449915b33afc1eaa568448be89bb6ac7d296"
  integrity sha512-9JhZDAu+IAJYD3SCrssrDU9XmEYfu+1XtYKslNlXRweNIf5QlVeZhb3pTjcR/4lbxNuYXc/VSNsFfEjbPKm1/g==
  dependencies:
    "@ckeditor/ckeditor5-utils" "42.0.0"
    lodash-es "4.17.21"

"@ckeditor/ckeditor5-enter@39.0.2":
  version "39.0.2"
  resolved "https://registry.yarnpkg.com/@ckeditor/ckeditor5-enter/-/ckeditor5-enter-39.0.2.tgz#c6bb17f28869415c83f7ea09e9703f2baf15e320"
  integrity sha512-7yeZI/mzJH4/yryXFQemrueZA/UNGkfnauN8Mu6XFMykoRNo6l+cASz0x4iGb3pWumV3g+tUeX6AJmuwXkRb5A==
  dependencies:
    "@ckeditor/ckeditor5-core" "39.0.2"
    "@ckeditor/ckeditor5-engine" "39.0.2"
    "@ckeditor/ckeditor5-utils" "39.0.2"

"@ckeditor/ckeditor5-enter@42.0.0":
  version "42.0.0"
  resolved "https://registry.yarnpkg.com/@ckeditor/ckeditor5-enter/-/ckeditor5-enter-42.0.0.tgz#caed49b57cfde9b0f7abfeefeb3b9477885cbfd6"
  integrity sha512-HlSMX9jYZ1fob5L5+dJ7dmYxJT2RVzgO95IeMXvbsSMEQ5IC1ZhE8UIcaStNTUZ7SNQzhcX6cqUrPO8Zhh46xw==
  dependencies:
    "@ckeditor/ckeditor5-core" "42.0.0"
    "@ckeditor/ckeditor5-engine" "42.0.0"
    "@ckeditor/ckeditor5-utils" "42.0.0"

"@ckeditor/ckeditor5-essentials@42.0.0", "@ckeditor/ckeditor5-essentials@^42.0.0":
  version "42.0.0"
  resolved "https://registry.yarnpkg.com/@ckeditor/ckeditor5-essentials/-/ckeditor5-essentials-42.0.0.tgz#92f8d30fd4ae4df9179259ba1f3eca740ba08b83"
  integrity sha512-DYWrEcraXiw+S9lbAk3UfvOnSe2ActOchk15hTishQKhRBzPqLDWr8bTYy4TwgwaMJg1gW9KK5o19oHLfW0P3A==
  dependencies:
    ckeditor5 "42.0.0"

"@ckeditor/ckeditor5-find-and-replace@42.0.0", "@ckeditor/ckeditor5-find-and-replace@^42.0.0":
  version "42.0.0"
  resolved "https://registry.yarnpkg.com/@ckeditor/ckeditor5-find-and-replace/-/ckeditor5-find-and-replace-42.0.0.tgz#c9c4b22abddcb6dacab72eeab1459ef9bb44d937"
  integrity sha512-WrScnK58umy8LqGpYvQieJd8mgo9yYKVoG0KnDrlj+Q2hZhGqta5jt1CRlYOQLO2QsVg9POt6oioUTiWee60ag==
  dependencies:
    "@ckeditor/ckeditor5-ui" "42.0.0"
    ckeditor5 "42.0.0"
    lodash-es "4.17.21"

"@ckeditor/ckeditor5-font@42.0.0", "@ckeditor/ckeditor5-font@^42.0.0":
  version "42.0.0"
  resolved "https://registry.yarnpkg.com/@ckeditor/ckeditor5-font/-/ckeditor5-font-42.0.0.tgz#d556697087d61a7ec9647d0eb38428593db1fa7e"
  integrity sha512-7ds9luaUDdHrmdZ6JKPn82+DkJAJ3Ej5Rdta8xfcnI1kDvGcLPRzwPCHeM5AD8RRqHX28B87U4FaOk9ehOE+Nw==
  dependencies:
    ckeditor5 "42.0.0"

"@ckeditor/ckeditor5-heading@42.0.0", "@ckeditor/ckeditor5-heading@^42.0.0":
  version "42.0.0"
  resolved "https://registry.yarnpkg.com/@ckeditor/ckeditor5-heading/-/ckeditor5-heading-42.0.0.tgz#a1cb73cc9318c3f5ea35b71db493ae344f5aa0e6"
  integrity sha512-KLquk1q0yOjw9rGgq+beigc3uzIk5+5fq1VJCfyeq2qkrLdezWf21Up0h8zCBjJGt4Dw7jodJyMnK4GH3885Xw==
  dependencies:
    ckeditor5 "42.0.0"

"@ckeditor/ckeditor5-highlight@42.0.0", "@ckeditor/ckeditor5-highlight@^42.0.0":
  version "42.0.0"
  resolved "https://registry.yarnpkg.com/@ckeditor/ckeditor5-highlight/-/ckeditor5-highlight-42.0.0.tgz#78698b9467ee3dc5ce8e51b301ccb69e51bc8585"
  integrity sha512-aWEv0yHVmzj9JRpXnURWSs64lphei+Bc6PbiecpQJvidjmFSgmVO0pFGtHe+iMmGy7S4TTGnPVEnq4IS0gGdgQ==
  dependencies:
    ckeditor5 "42.0.0"

"@ckeditor/ckeditor5-horizontal-line@42.0.0", "@ckeditor/ckeditor5-horizontal-line@^42.0.0":
  version "42.0.0"
  resolved "https://registry.yarnpkg.com/@ckeditor/ckeditor5-horizontal-line/-/ckeditor5-horizontal-line-42.0.0.tgz#596a946d5a3db8d2a6a7c5f922193f988c265ab3"
  integrity sha512-9YIYENX3YM2WXLItD1rqMq+Lqc3daRT4E18C2FXgfrMUQNYDyM5UFzsi6HahjvRe2pbYOx0MwYGvaHgSjBVsCQ==
  dependencies:
    ckeditor5 "42.0.0"

"@ckeditor/ckeditor5-html-embed@42.0.0", "@ckeditor/ckeditor5-html-embed@^42.0.0":
  version "42.0.0"
  resolved "https://registry.yarnpkg.com/@ckeditor/ckeditor5-html-embed/-/ckeditor5-html-embed-42.0.0.tgz#404aaae122659e7494b5a42bd0fcd5bf562528c5"
  integrity sha512-nh4ROlPU6enn9uOYigOsJHegnZslVs3UYOhLsod2JBOB2spF0AcoqOtk/Oh6SLajDa0iZ+oi1U7iNxXvekcysQ==
  dependencies:
    ckeditor5 "42.0.0"

"@ckeditor/ckeditor5-html-support@42.0.0":
  version "42.0.0"
  resolved "https://registry.yarnpkg.com/@ckeditor/ckeditor5-html-support/-/ckeditor5-html-support-42.0.0.tgz#38cc55874fb18445215a7aff1d51565c6553d511"
  integrity sha512-HPwiaz9Ah2BjuS2UgLdYv+APo+k0HJG79M/dgC3rNLX0O3IoWBDBXfcRhWKiGE1FBV3l1jt8eQgnaqsuKC6PIw==
  dependencies:
    ckeditor5 "42.0.0"
    lodash-es "4.17.21"

"@ckeditor/ckeditor5-image@42.0.0", "@ckeditor/ckeditor5-image@^42.0.0":
  version "42.0.0"
  resolved "https://registry.yarnpkg.com/@ckeditor/ckeditor5-image/-/ckeditor5-image-42.0.0.tgz#3ddc78c0666de29323b12504bef552560e8f0209"
  integrity sha512-lKq4OuhLDNS4sip4/yl/vGDuOitTCInMYEhvwZXlm6eFem75FTJnL1Co5+zKIVWktWvH2eFqmOGjv2jKrJIVgw==
  dependencies:
    "@ckeditor/ckeditor5-ui" "42.0.0"
    ckeditor5 "42.0.0"
    lodash-es "4.17.21"

"@ckeditor/ckeditor5-indent@42.0.0", "@ckeditor/ckeditor5-indent@^42.0.0":
  version "42.0.0"
  resolved "https://registry.yarnpkg.com/@ckeditor/ckeditor5-indent/-/ckeditor5-indent-42.0.0.tgz#61c3c89ef93b7e6d956161dc1598a2c7594afb71"
  integrity sha512-Ba7cTreIEFoF0mJXRjBZdwgyzSvdmnqtlwMInM/IBIJDo6Vi4zx4svA2G1PvY/hV3UCvCAxzSqQ7s62yQT4KEQ==
  dependencies:
    ckeditor5 "42.0.0"

"@ckeditor/ckeditor5-language@42.0.0", "@ckeditor/ckeditor5-language@^42.0.0":
  version "42.0.0"
  resolved "https://registry.yarnpkg.com/@ckeditor/ckeditor5-language/-/ckeditor5-language-42.0.0.tgz#7c261026cff484ba4d35103f625da49cda6af09a"
  integrity sha512-x1cFYKtxBz1dhWXZ6DGvegCks7st6N1jFL55kyDgkvZqjsui/aPSvHnrcT6T0UO2sjMwAJh5/be5PXAJJ1yL0g==
  dependencies:
    ckeditor5 "42.0.0"

"@ckeditor/ckeditor5-link@42.0.0", "@ckeditor/ckeditor5-link@^42.0.0":
  version "42.0.0"
  resolved "https://registry.yarnpkg.com/@ckeditor/ckeditor5-link/-/ckeditor5-link-42.0.0.tgz#1e678f2c96adde19bbf27baf4c9f55ab10d7cbca"
  integrity sha512-myphicJKjwv1LZ0pFdd1u4VOQieonPoNezRhsrFBkLTqIADgMp3+2PETyls5W8JZnua4sg/724Wa9TPmn9BLAA==
  dependencies:
    "@ckeditor/ckeditor5-ui" "42.0.0"
    ckeditor5 "42.0.0"
    lodash-es "4.17.21"

"@ckeditor/ckeditor5-list@42.0.0", "@ckeditor/ckeditor5-list@^42.0.0":
  version "42.0.0"
  resolved "https://registry.yarnpkg.com/@ckeditor/ckeditor5-list/-/ckeditor5-list-42.0.0.tgz#354828308d3f33416d12fd3d1b5fbb36d521ea63"
  integrity sha512-taBQvwlhWmzFGGxOa5QH+XFeFRPke2X+3L/bdp/PJb9ZBX/wuqDL/cECQwDjblbGG8Iu1pDBOZSMG/bIknZjog==
  dependencies:
    ckeditor5 "42.0.0"

"@ckeditor/ckeditor5-markdown-gfm@42.0.0", "@ckeditor/ckeditor5-markdown-gfm@^42.0.0":
  version "42.0.0"
  resolved "https://registry.yarnpkg.com/@ckeditor/ckeditor5-markdown-gfm/-/ckeditor5-markdown-gfm-42.0.0.tgz#6a911d0cf606e4a37f6d1664a2dcba2c166c30bd"
  integrity sha512-wtNpAkBiyobHbeLpsnnf9aroSIIjvKYsNxeNqB7P55ZyRN+mLdGQxp2ozPgCIjeb34SaalJ1VtiRnPS+B+NbaQ==
  dependencies:
    ckeditor5 "42.0.0"
    marked "4.0.12"
    turndown "7.2.0"
    turndown-plugin-gfm "1.0.2"

"@ckeditor/ckeditor5-media-embed@42.0.0", "@ckeditor/ckeditor5-media-embed@^42.0.0":
  version "42.0.0"
  resolved "https://registry.yarnpkg.com/@ckeditor/ckeditor5-media-embed/-/ckeditor5-media-embed-42.0.0.tgz#068711f48a84c9d03d7ff1d7b20a9c43779c8c87"
  integrity sha512-cbaTwnnNC8Li497WrArw4BcENQcv+b7FH7Q93bjytQN8vrxZR8+eWfCHbaR8dNewAWLI4/jNp9S64koOMOhUTQ==
  dependencies:
    "@ckeditor/ckeditor5-ui" "42.0.0"
    ckeditor5 "42.0.0"

"@ckeditor/ckeditor5-mention@42.0.0":
  version "42.0.0"
  resolved "https://registry.yarnpkg.com/@ckeditor/ckeditor5-mention/-/ckeditor5-mention-42.0.0.tgz#3fca6d2abccb557c5c1aa1469df5d289a7e9fcc8"
  integrity sha512-6jC5vGfHAeYarmgecw4cWj7u1E4EgFZlQh6Z15WcQ2OeHTiBLh1fGFPM10gKauIYfUsmHfsVFsafGyByFQsZBw==
  dependencies:
    ckeditor5 "42.0.0"
    lodash-es "4.17.21"

"@ckeditor/ckeditor5-minimap@42.0.0":
  version "42.0.0"
  resolved "https://registry.yarnpkg.com/@ckeditor/ckeditor5-minimap/-/ckeditor5-minimap-42.0.0.tgz#48433015fb8f3897678cd841fac83fdaf5971757"
  integrity sha512-cTbZqve6xYh5D4XSecU1AEx5Rl2gRm2U91G3O53GddhuScG9tchmZ2n3kzFz6FkDcYpgWJBLK5uEdSBede+YeQ==
  dependencies:
    ckeditor5 "42.0.0"

"@ckeditor/ckeditor5-page-break@42.0.0", "@ckeditor/ckeditor5-page-break@^42.0.0":
  version "42.0.0"
  resolved "https://registry.yarnpkg.com/@ckeditor/ckeditor5-page-break/-/ckeditor5-page-break-42.0.0.tgz#010796147d16d253df2929e78b3891cb600968f5"
  integrity sha512-2Bg4cAMBs1RGIMn0CZSnADSG+Zn19u0/qMfxR5Js5AolMjsMFcvfHVHrP7WTPfYKz0S0F9LLWTEjyf3f6PU3Og==
  dependencies:
    ckeditor5 "42.0.0"

"@ckeditor/ckeditor5-paragraph@39.0.2":
  version "39.0.2"
  resolved "https://registry.yarnpkg.com/@ckeditor/ckeditor5-paragraph/-/ckeditor5-paragraph-39.0.2.tgz#c76d4ea994c162b2552983742de8000184f81a65"
  integrity sha512-is0+G3ghz+6EwoNT5ciySiPt05FI0I/lxPksSDl4QG9BcGUwkN94fJalCxgXuMlGulojm/YZ3dCmJPnLMrAnUA==
  dependencies:
    "@ckeditor/ckeditor5-core" "39.0.2"
    "@ckeditor/ckeditor5-ui" "39.0.2"
    "@ckeditor/ckeditor5-utils" "39.0.2"

"@ckeditor/ckeditor5-paragraph@42.0.0", "@ckeditor/ckeditor5-paragraph@^42.0.0":
  version "42.0.0"
  resolved "https://registry.yarnpkg.com/@ckeditor/ckeditor5-paragraph/-/ckeditor5-paragraph-42.0.0.tgz#d4fda15ec640c4d72665c7543410e5dc3b94b088"
  integrity sha512-CNEc+YBDD5vysMxzSkCRXNtCeWJH2Drq2ynFc6YAOVXnfAQvpW3PnuwHMUQvS6r1BCk35xEbUpuRLCXxOuoipg==
  dependencies:
    "@ckeditor/ckeditor5-core" "42.0.0"
    "@ckeditor/ckeditor5-ui" "42.0.0"
    "@ckeditor/ckeditor5-utils" "42.0.0"

"@ckeditor/ckeditor5-paste-from-office@42.0.0", "@ckeditor/ckeditor5-paste-from-office@^42.0.0":
  version "42.0.0"
  resolved "https://registry.yarnpkg.com/@ckeditor/ckeditor5-paste-from-office/-/ckeditor5-paste-from-office-42.0.0.tgz#1f0be3d835b8a8de47b129c9d5cdf046d9d7cd73"
  integrity sha512-pfBOovJz+CnXXX4XQLJQTBRWHTnlG7gibzzMnnmK+KIzsjlVOGrl09c2uafQo0QvgNSH0bF6Yhxn6T2CTCWcYw==
  dependencies:
    ckeditor5 "42.0.0"

"@ckeditor/ckeditor5-react@^7.0.0":
  version "7.0.0"
  resolved "https://registry.yarnpkg.com/@ckeditor/ckeditor5-react/-/ckeditor5-react-7.0.0.tgz#0ac7454cf7cf03c30de6119b07853c40ad8973d2"
  integrity sha512-9JWs5145ltuiioAuvF3xdoV660DCx1FPtTC6b1e1yXxcUgBAMSM8cmNKhzt+9vUS4RCdXVQsUFSS17cgjBX23A==
  dependencies:
    prop-types "^15.7.2"

"@ckeditor/ckeditor5-remove-format@42.0.0", "@ckeditor/ckeditor5-remove-format@^42.0.0":
  version "42.0.0"
  resolved "https://registry.yarnpkg.com/@ckeditor/ckeditor5-remove-format/-/ckeditor5-remove-format-42.0.0.tgz#71f18c2696557961af3fe7acbb3b2d3145ef59e8"
  integrity sha512-lS/fEoSM2HOhA+Ocve3gwRjlqKhZQx5Rbm3PBzAQJAZosfxCeCLcg2RJb1zGD4mGsY2urWAeRVNNckJObcNM9Q==
  dependencies:
    ckeditor5 "42.0.0"

"@ckeditor/ckeditor5-restricted-editing@42.0.0":
  version "42.0.0"
  resolved "https://registry.yarnpkg.com/@ckeditor/ckeditor5-restricted-editing/-/ckeditor5-restricted-editing-42.0.0.tgz#b691e1c07d6505c7b449c9e4b34e8511b342ae3a"
  integrity sha512-5WnyJ+rLbh206Y3XbOxNKxpdNi9X4nE+O/Pk7TLgvkZ2S4UdptplaycXk9mTHZvtRWCs1VLW629WoEoHXPGtxg==
  dependencies:
    ckeditor5 "42.0.0"

"@ckeditor/ckeditor5-select-all@39.0.2":
  version "39.0.2"
  resolved "https://registry.yarnpkg.com/@ckeditor/ckeditor5-select-all/-/ckeditor5-select-all-39.0.2.tgz#d6559237512725ab01f40a793c79f57761a36af8"
  integrity sha512-/zTPZ14sfsL6E7LHcdOSW5JR7A5tsaSO2KNlQ/jm77XWSeQ7HZ4I7hoLXWksvcseubQ+xExWrzMQIjIOGqBLcQ==
  dependencies:
    "@ckeditor/ckeditor5-core" "39.0.2"
    "@ckeditor/ckeditor5-ui" "39.0.2"
    "@ckeditor/ckeditor5-utils" "39.0.2"

"@ckeditor/ckeditor5-select-all@42.0.0":
  version "42.0.0"
  resolved "https://registry.yarnpkg.com/@ckeditor/ckeditor5-select-all/-/ckeditor5-select-all-42.0.0.tgz#98f13c4e1dcf184c65977da8946d54e3c7d778ff"
  integrity sha512-6tnRtB5TIsgUh6I+lahvIYxsL61M+b0XvLQCPpIiYHn+V6htEESoniz7vVxEgwNXnCuCFoHvO+IpjC6ugd0ESA==
  dependencies:
    "@ckeditor/ckeditor5-core" "42.0.0"
    "@ckeditor/ckeditor5-ui" "42.0.0"
    "@ckeditor/ckeditor5-utils" "42.0.0"

"@ckeditor/ckeditor5-show-blocks@42.0.0":
  version "42.0.0"
  resolved "https://registry.yarnpkg.com/@ckeditor/ckeditor5-show-blocks/-/ckeditor5-show-blocks-42.0.0.tgz#2446e01b8a26d9a5fe295baf1bba10ec7a2e4e07"
  integrity sha512-ZQ/u1/7fU2ZA57q3i6yTsHSgzAPQ60uK49/R/zQYCQsAzxGXavvQ0qOwbpzaR1O+y942w1n0E5roXyTelTHaPQ==
  dependencies:
    "@ckeditor/ckeditor5-ui" "42.0.0"
    ckeditor5 "42.0.0"

"@ckeditor/ckeditor5-source-editing@42.0.0":
  version "42.0.0"
  resolved "https://registry.yarnpkg.com/@ckeditor/ckeditor5-source-editing/-/ckeditor5-source-editing-42.0.0.tgz#1e2606ddf4c40d48a00608597c685cd9499779aa"
  integrity sha512-p2KtKpcX2vuPNA85n5mQRwouEAWGqFpXiblMCdDtp8Ajql1EcGa66edOP8qeyT1CpsJ6PM/sZ86otKKGTFl4yQ==
  dependencies:
    "@ckeditor/ckeditor5-theme-lark" "42.0.0"
    ckeditor5 "42.0.0"

"@ckeditor/ckeditor5-special-characters@42.0.0", "@ckeditor/ckeditor5-special-characters@^42.0.0":
  version "42.0.0"
  resolved "https://registry.yarnpkg.com/@ckeditor/ckeditor5-special-characters/-/ckeditor5-special-characters-42.0.0.tgz#26f07181b7762aa6a2c462b18d06c76005f53948"
  integrity sha512-WXKjyCE4AZG0yWRkRI3EvoYU8L+U1Ckz9cdeUEpPC7MFBZT2o28pGDyE8jzjmt51tOIZUNuSnwUCF1+kRn+xKg==
  dependencies:
    ckeditor5 "42.0.0"

"@ckeditor/ckeditor5-style@42.0.0":
  version "42.0.0"
  resolved "https://registry.yarnpkg.com/@ckeditor/ckeditor5-style/-/ckeditor5-style-42.0.0.tgz#304d60647da757c8b97a4435876263e5d8d79a6e"
  integrity sha512-0WaRKAuslHEpmwz+ebQYAwmH047QPt0Kp2XiXxvbVyeSgpmX6c8AzbrkCT11kGCpC1VEdiqg8AkroPQCO+VDnw==
  dependencies:
    ckeditor5 "42.0.0"
    lodash-es "4.17.21"

"@ckeditor/ckeditor5-table@42.0.0", "@ckeditor/ckeditor5-table@^42.0.0":
  version "42.0.0"
  resolved "https://registry.yarnpkg.com/@ckeditor/ckeditor5-table/-/ckeditor5-table-42.0.0.tgz#bd56deb14caa41f6b9bb757348805050f468ee9d"
  integrity sha512-D3RwXDIsUX8MGUfg2bpcfObF0seYUllqW0aMalPPcpKVwO9Yjh98FXi8CQyrLp7Ig7ef8yFQv6I5y38Gze8Utw==
  dependencies:
    "@ckeditor/ckeditor5-ui" "42.0.0"
    ckeditor5 "42.0.0"
    lodash-es "4.17.21"

"@ckeditor/ckeditor5-theme-lark@42.0.0", "@ckeditor/ckeditor5-theme-lark@^42.0.0":
  version "42.0.0"
  resolved "https://registry.yarnpkg.com/@ckeditor/ckeditor5-theme-lark/-/ckeditor5-theme-lark-42.0.0.tgz#b8668d06647a75899fe143ca955dc398207fa946"
  integrity sha512-G9rda0cxoi2qrTxsUQyOTnj8cH/66ZRPYd2v2cCuWxfjkNELzqjWtl1e9v5cQQvUrxcp7gPCTOtvc3lchdD5tg==
  dependencies:
    "@ckeditor/ckeditor5-ui" "42.0.0"

"@ckeditor/ckeditor5-typing@39.0.2":
  version "39.0.2"
  resolved "https://registry.yarnpkg.com/@ckeditor/ckeditor5-typing/-/ckeditor5-typing-39.0.2.tgz#186c28c4d37ee05bc53a84deb69a04e740ed4149"
  integrity sha512-ylkBumukIRe/8jQTanVYNcExvoraXX9TIX3POwiug2F+c/POKjoHgeq8+Wf/JEl7/ydtXZKT5tROqOe9haSteA==
  dependencies:
    "@ckeditor/ckeditor5-core" "39.0.2"
    "@ckeditor/ckeditor5-engine" "39.0.2"
    "@ckeditor/ckeditor5-utils" "39.0.2"
    lodash-es "4.17.21"

"@ckeditor/ckeditor5-typing@42.0.0":
  version "42.0.0"
  resolved "https://registry.yarnpkg.com/@ckeditor/ckeditor5-typing/-/ckeditor5-typing-42.0.0.tgz#582e9f2f78928b7b956edc8e317bbb857e6d8335"
  integrity sha512-6FDkdEDrWKBnEX+C4qqQ2j5VD26Z+VBr2vtprYtRykRCYpc/n4pbbz9ecjXnJ/E8ftm44nCMcBxbg8HPEjroyw==
  dependencies:
    "@ckeditor/ckeditor5-core" "42.0.0"
    "@ckeditor/ckeditor5-engine" "42.0.0"
    "@ckeditor/ckeditor5-utils" "42.0.0"
    lodash-es "4.17.21"

"@ckeditor/ckeditor5-ui@39.0.2":
  version "39.0.2"
  resolved "https://registry.yarnpkg.com/@ckeditor/ckeditor5-ui/-/ckeditor5-ui-39.0.2.tgz#17e6fe0f66554c6e2080bfaef1f94513855f7579"
  integrity sha512-OHYasdPXG1Vy1tR5hcGeffeqg6ujWzCEbRczuU+0sC3ttYkxrnFk6qYe7gjA+BoqD61otk1au+rhCVux8dy0hQ==
  dependencies:
    "@ckeditor/ckeditor5-core" "39.0.2"
    "@ckeditor/ckeditor5-utils" "39.0.2"
    color-convert "2.0.1"
    color-parse "1.4.2"
    lodash-es "4.17.21"
    vanilla-colorful "0.7.2"

"@ckeditor/ckeditor5-ui@42.0.0":
  version "42.0.0"
  resolved "https://registry.yarnpkg.com/@ckeditor/ckeditor5-ui/-/ckeditor5-ui-42.0.0.tgz#214f149db68d1b642905a87fa72abce615088493"
  integrity sha512-Z69x9u8UkUP7P1F6u7loUGXqUiNtEXBz+2flXHxBq6JVnGh5rZ3ZtVhWQRaOSAIVp+ub/BwEcwzqq4itI1Tuog==
  dependencies:
    "@ckeditor/ckeditor5-core" "42.0.0"
    "@ckeditor/ckeditor5-utils" "42.0.0"
    color-convert "2.0.1"
    color-parse "1.4.2"
    lodash-es "4.17.21"
    vanilla-colorful "0.7.2"

"@ckeditor/ckeditor5-undo@39.0.2":
  version "39.0.2"
  resolved "https://registry.yarnpkg.com/@ckeditor/ckeditor5-undo/-/ckeditor5-undo-39.0.2.tgz#0eddf55c987a6f8240d38618e134a31cc4fab517"
  integrity sha512-DSy7rRtnpVPpzZYOoQJNZ/6Zx4LEk3WVf8VG8wJDgpuxbRrE59DsNwVEqGEvDyVGlgzbuWZrfkkcL4hjcoYHCw==
  dependencies:
    "@ckeditor/ckeditor5-core" "39.0.2"
    "@ckeditor/ckeditor5-engine" "39.0.2"
    "@ckeditor/ckeditor5-ui" "39.0.2"

"@ckeditor/ckeditor5-undo@42.0.0":
  version "42.0.0"
  resolved "https://registry.yarnpkg.com/@ckeditor/ckeditor5-undo/-/ckeditor5-undo-42.0.0.tgz#8c8d6bb7997c33a0ed120f4add4a1fa6e04a88a3"
  integrity sha512-7H4hD4k0jmrSk5n1cYKlj2rmuICIwdGFX3WMPv2KuEKI1WYZBE10KLf6bB15EFoMVvBFepX0TjfEVXTO6Ul5rw==
  dependencies:
    "@ckeditor/ckeditor5-core" "42.0.0"
    "@ckeditor/ckeditor5-engine" "42.0.0"
    "@ckeditor/ckeditor5-ui" "42.0.0"

"@ckeditor/ckeditor5-upload@39.0.2":
  version "39.0.2"
  resolved "https://registry.yarnpkg.com/@ckeditor/ckeditor5-upload/-/ckeditor5-upload-39.0.2.tgz#3138e2a9a963d20e3ebc39c68ee520e2b3c94332"
  integrity sha512-6LLU9lJDlnE4RT1GBzK1V6gsIv/+4NiWVojblzET9AlyMI4BRTn3/PPxZRWyPPKH96AeuIWoyj32D/a24yQujg==
  dependencies:
    "@ckeditor/ckeditor5-core" "39.0.2"
    "@ckeditor/ckeditor5-ui" "39.0.2"
    "@ckeditor/ckeditor5-utils" "39.0.2"

"@ckeditor/ckeditor5-upload@42.0.0", "@ckeditor/ckeditor5-upload@^42.0.0":
  version "42.0.0"
  resolved "https://registry.yarnpkg.com/@ckeditor/ckeditor5-upload/-/ckeditor5-upload-42.0.0.tgz#f4806bff263501cc1aafe3d14d688997f547b2f1"
  integrity sha512-UPRre84p6qPyPVhDsfuVh5rNGcaZjSIQhGdqOPfgMWc4QYOKNf7Y7TvW+9xzUVXyHbo2pcvOq6/Ldw6z4zk10g==
  dependencies:
    "@ckeditor/ckeditor5-core" "42.0.0"
    "@ckeditor/ckeditor5-utils" "42.0.0"

"@ckeditor/ckeditor5-utils@39.0.2":
  version "39.0.2"
  resolved "https://registry.yarnpkg.com/@ckeditor/ckeditor5-utils/-/ckeditor5-utils-39.0.2.tgz#64c0d88ec6354a38ddb86d51341f2d33eb6a8d46"
  integrity sha512-aqiGhPJxEihSLW21lGWcAvjVTTwJYxEbfMk1eLf/BEY3euy6iltRC6EqbXkyJDcKGU7cQtk6JXAIkH+D2FF87g==
  dependencies:
    lodash-es "4.17.21"

"@ckeditor/ckeditor5-utils@42.0.0":
  version "42.0.0"
  resolved "https://registry.yarnpkg.com/@ckeditor/ckeditor5-utils/-/ckeditor5-utils-42.0.0.tgz#bbef51f5b5bc162ca35d15e8c06ce41b1ad21554"
  integrity sha512-9f3eAjh7sgYC+Cth0yEHaWBJpPFWWehPa3efAlSjuKl0NhW2mzSU5s9SMRNDS5MJAI+oTIOLP5/SV/pNCbiT3A==
  dependencies:
    lodash-es "4.17.21"

"@ckeditor/ckeditor5-watchdog@39.0.2":
  version "39.0.2"
  resolved "https://registry.yarnpkg.com/@ckeditor/ckeditor5-watchdog/-/ckeditor5-watchdog-39.0.2.tgz#a8a15b1615f372ee9878405877154943f93a272a"
  integrity sha512-9E7BNp9c+nj/01JWF4lBVcDwJI2lN/Vgerw+ex4l/nTRl7crLzckSy3DWhYlpQPjJzsrkFjGQ+zCG4C/Vevl3Q==
  dependencies:
    lodash-es "4.17.21"

"@ckeditor/ckeditor5-watchdog@42.0.0":
  version "42.0.0"
  resolved "https://registry.yarnpkg.com/@ckeditor/ckeditor5-watchdog/-/ckeditor5-watchdog-42.0.0.tgz#25fcb12e92626e8d2d1463844ad45995a68745b6"
  integrity sha512-rNk1GtiIx6KYaE/B4atNOb7QNB916RbFfq4MsOPPVow+64XF3Ljvx14qX1I/da+WH3EbpoBwbJqnIlu7aLa0Ww==
  dependencies:
    lodash-es "4.17.21"

"@ckeditor/ckeditor5-widget@39.0.2":
  version "39.0.2"
  resolved "https://registry.yarnpkg.com/@ckeditor/ckeditor5-widget/-/ckeditor5-widget-39.0.2.tgz#f7e8f278f64be6efe35bc0c5205b62eec23bc584"
  integrity sha512-bGs8iKD3c+r3/JCqhXoh/MPJut0JcdUdxDSgS+xYu1UJ03b/K39/0QbdVjT1I6oNRSDb4IUwBO2Xc3zTMl/qTw==
  dependencies:
    "@ckeditor/ckeditor5-core" "39.0.2"
    "@ckeditor/ckeditor5-engine" "39.0.2"
    "@ckeditor/ckeditor5-enter" "39.0.2"
    "@ckeditor/ckeditor5-typing" "39.0.2"
    "@ckeditor/ckeditor5-ui" "39.0.2"
    "@ckeditor/ckeditor5-utils" "39.0.2"
    lodash-es "4.17.21"

"@ckeditor/ckeditor5-widget@42.0.0":
  version "42.0.0"
  resolved "https://registry.yarnpkg.com/@ckeditor/ckeditor5-widget/-/ckeditor5-widget-42.0.0.tgz#2855249e2939378c24c34befbd00bd4f751c0527"
  integrity sha512-HbPQCCwsBfRWSHOM0Qn1MFvlAym1S3XvQzqe7tEPZ577RLSk0H4FEvv6YxpUNjsjujYlDsUK+dF8zVye7Cv7tw==
  dependencies:
    "@ckeditor/ckeditor5-core" "42.0.0"
    "@ckeditor/ckeditor5-engine" "42.0.0"
    "@ckeditor/ckeditor5-enter" "42.0.0"
    "@ckeditor/ckeditor5-typing" "42.0.0"
    "@ckeditor/ckeditor5-ui" "42.0.0"
    "@ckeditor/ckeditor5-utils" "42.0.0"
    lodash-es "4.17.21"

"@ckeditor/ckeditor5-word-count@42.0.0", "@ckeditor/ckeditor5-word-count@^42.0.0":
  version "42.0.0"
  resolved "https://registry.yarnpkg.com/@ckeditor/ckeditor5-word-count/-/ckeditor5-word-count-42.0.0.tgz#0066634b878710af4c78170bf06d60d8544c758f"
  integrity sha512-+P8Q7hWdkq+sTt2+qAgz+OsOsTTdqluyYgrKRx9DvjLRsF+VmlHwNTaOMqcnU1EWNfFcjevQHoTugmqm+dWquQ==
  dependencies:
    ckeditor5 "42.0.0"
    lodash-es "4.17.21"

"@mixmark-io/domino@^2.2.0":
  version "2.2.0"
  resolved "https://registry.yarnpkg.com/@mixmark-io/domino/-/domino-2.2.0.tgz#4e8ec69bf1afeb7a14f0628b7e2c0f35bdb336c3"
  integrity sha512-Y28PR25bHXUg88kCV7nivXrP2Nj2RueZ3/l/jdx6J9f8J4nsEGcgX0Qe6lt7Pa+J79+kPiJU3LguR6O/6zrLOw==

"@reinmar/ckeditor5-maximum-length@^0.0.1":
  version "0.0.1"
  resolved "https://registry.yarnpkg.com/@reinmar/ckeditor5-maximum-length/-/ckeditor5-maximum-length-0.0.1.tgz#6097a7d73fa2a5b2b4ca61212459225b84f59ee5"
  integrity sha512-w03YHqYPWFzwCc3OzrwfwL1NkL9KQ194yiEdQ0YWNdm0PBkoZVlSiVyfShe0TwxoJlgbuRvPjPBhUR3q1tUtkA==
  dependencies:
    ckeditor5 ">=35.1.0"

blurhash@2.0.5:
  version "2.0.5"
  resolved "https://registry.yarnpkg.com/blurhash/-/blurhash-2.0.5.tgz#efde729fc14a2f03571a6aa91b49cba80d1abe4b"
  integrity sha512-cRygWd7kGBQO3VEhPiTgq4Wc43ctsM+o46urrmPOiuAe+07fzlSB9OJVdpgDL0jPqXUVQ9ht7aq7kxOeJHRK+w==

ckeditor5@42.0.0, ckeditor5@^42.0.0:
  version "42.0.0"
  resolved "https://registry.yarnpkg.com/ckeditor5/-/ckeditor5-42.0.0.tgz#01e4003f0aa11f5dc2dc8dcdc14da37b44155058"
  integrity sha512-l/Qdw61+nAhkNfXRzPp3a6W75XGnKBKWlJqEbgMGclgAvaqgWE7MAz9VqQCJSeMK8PjgFH1EcBMPRmG+6W8QRQ==
  dependencies:
    "@ckeditor/ckeditor5-adapter-ckfinder" "42.0.0"
    "@ckeditor/ckeditor5-alignment" "42.0.0"
    "@ckeditor/ckeditor5-autoformat" "42.0.0"
    "@ckeditor/ckeditor5-autosave" "42.0.0"
    "@ckeditor/ckeditor5-basic-styles" "42.0.0"
    "@ckeditor/ckeditor5-block-quote" "42.0.0"
    "@ckeditor/ckeditor5-ckbox" "42.0.0"
    "@ckeditor/ckeditor5-ckfinder" "42.0.0"
    "@ckeditor/ckeditor5-clipboard" "42.0.0"
    "@ckeditor/ckeditor5-cloud-services" "42.0.0"
    "@ckeditor/ckeditor5-code-block" "42.0.0"
    "@ckeditor/ckeditor5-core" "42.0.0"
    "@ckeditor/ckeditor5-easy-image" "42.0.0"
    "@ckeditor/ckeditor5-editor-balloon" "42.0.0"
    "@ckeditor/ckeditor5-editor-classic" "42.0.0"
    "@ckeditor/ckeditor5-editor-decoupled" "42.0.0"
    "@ckeditor/ckeditor5-editor-inline" "42.0.0"
    "@ckeditor/ckeditor5-editor-multi-root" "42.0.0"
    "@ckeditor/ckeditor5-engine" "42.0.0"
    "@ckeditor/ckeditor5-enter" "42.0.0"
    "@ckeditor/ckeditor5-essentials" "42.0.0"
    "@ckeditor/ckeditor5-find-and-replace" "42.0.0"
    "@ckeditor/ckeditor5-font" "42.0.0"
    "@ckeditor/ckeditor5-heading" "42.0.0"
    "@ckeditor/ckeditor5-highlight" "42.0.0"
    "@ckeditor/ckeditor5-horizontal-line" "42.0.0"
    "@ckeditor/ckeditor5-html-embed" "42.0.0"
    "@ckeditor/ckeditor5-html-support" "42.0.0"
    "@ckeditor/ckeditor5-image" "42.0.0"
    "@ckeditor/ckeditor5-indent" "42.0.0"
    "@ckeditor/ckeditor5-language" "42.0.0"
    "@ckeditor/ckeditor5-link" "42.0.0"
    "@ckeditor/ckeditor5-list" "42.0.0"
    "@ckeditor/ckeditor5-markdown-gfm" "42.0.0"
    "@ckeditor/ckeditor5-media-embed" "42.0.0"
    "@ckeditor/ckeditor5-mention" "42.0.0"
    "@ckeditor/ckeditor5-minimap" "42.0.0"
    "@ckeditor/ckeditor5-page-break" "42.0.0"
    "@ckeditor/ckeditor5-paragraph" "42.0.0"
    "@ckeditor/ckeditor5-paste-from-office" "42.0.0"
    "@ckeditor/ckeditor5-remove-format" "42.0.0"
    "@ckeditor/ckeditor5-restricted-editing" "42.0.0"
    "@ckeditor/ckeditor5-select-all" "42.0.0"
    "@ckeditor/ckeditor5-show-blocks" "42.0.0"
    "@ckeditor/ckeditor5-source-editing" "42.0.0"
    "@ckeditor/ckeditor5-special-characters" "42.0.0"
    "@ckeditor/ckeditor5-style" "42.0.0"
    "@ckeditor/ckeditor5-table" "42.0.0"
    "@ckeditor/ckeditor5-theme-lark" "42.0.0"
    "@ckeditor/ckeditor5-typing" "42.0.0"
    "@ckeditor/ckeditor5-ui" "42.0.0"
    "@ckeditor/ckeditor5-undo" "42.0.0"
    "@ckeditor/ckeditor5-upload" "42.0.0"
    "@ckeditor/ckeditor5-utils" "42.0.0"
    "@ckeditor/ckeditor5-watchdog" "42.0.0"
    "@ckeditor/ckeditor5-widget" "42.0.0"
    "@ckeditor/ckeditor5-word-count" "42.0.0"

ckeditor5@>=35.1.0:
  version "39.0.2"
  resolved "https://registry.yarnpkg.com/ckeditor5/-/ckeditor5-39.0.2.tgz#29a1429b440ac548f5d73b8870a0a143fceb36d5"
  integrity sha512-7wuhb5LYeAZ9PaEZlNNAOnfDLWozt3+tOdc1St7AYR4PO1UW/5crWHvs+6jejxB56Zk6LUaHUS6ECecdapihmA==
  dependencies:
    "@ckeditor/ckeditor5-clipboard" "39.0.2"
    "@ckeditor/ckeditor5-core" "39.0.2"
    "@ckeditor/ckeditor5-engine" "39.0.2"
    "@ckeditor/ckeditor5-enter" "39.0.2"
    "@ckeditor/ckeditor5-paragraph" "39.0.2"
    "@ckeditor/ckeditor5-select-all" "39.0.2"
    "@ckeditor/ckeditor5-typing" "39.0.2"
    "@ckeditor/ckeditor5-ui" "39.0.2"
    "@ckeditor/ckeditor5-undo" "39.0.2"
    "@ckeditor/ckeditor5-upload" "39.0.2"
    "@ckeditor/ckeditor5-utils" "39.0.2"
    "@ckeditor/ckeditor5-watchdog" "39.0.2"
    "@ckeditor/ckeditor5-widget" "39.0.2"

color-convert@2.0.1:
  version "2.0.1"
  resolved "https://registry.yarnpkg.com/color-convert/-/color-convert-2.0.1.tgz#72d3a68d598c9bdb3af2ad1e84f21d896abd4de3"
  integrity sha512-RRECPsj7iu/xb5oKYcsFHSppFNnsj/52OVTRKb4zP5onXwVF3zVmmToNcOfGC+CRDpfK/U584fMg38ZHCaElKQ==
  dependencies:
    color-name "~1.1.4"

color-name@^1.0.0, color-name@~1.1.4:
  version "1.1.4"
  resolved "https://registry.yarnpkg.com/color-name/-/color-name-1.1.4.tgz#c2a09a87acbde69543de6f63fa3995c826c536a2"
  integrity sha512-dOy+3AuW3a2wNbZHIuMZpTcgjGuLU/uBL/ubcZF9OXbDo8ff4O8yVp5Bf0efS8uEoYo5q4Fx7dY9OgQGXgAsQA==

color-parse@1.4.2:
  version "1.4.2"
  resolved "https://registry.yarnpkg.com/color-parse/-/color-parse-1.4.2.tgz#78651f5d34df1a57f997643d86f7f87268ad4eb5"
  integrity sha512-RI7s49/8yqDj3fECFZjUI1Yi0z/Gq1py43oNJivAIIDSyJiOZLfYCRQEgn8HEVAj++PcRe8AnL2XF0fRJ3BTnA==
  dependencies:
    color-name "^1.0.0"

"js-tokens@^3.0.0 || ^4.0.0":
  version "4.0.0"
  resolved "https://registry.yarnpkg.com/js-tokens/-/js-tokens-4.0.0.tgz#19203fb59991df98e3a287050d4647cdeaf32499"
  integrity sha512-RdJUflcE3cUzKiMqQgsCu06FPu9UdIJO0beYbPhHN4k6apgJtifcoCtT9bcxOpYBtpD2kCM6Sbzg4CausW/PKQ==

lodash-es@4.17.21:
  version "4.17.21"
  resolved "https://registry.yarnpkg.com/lodash-es/-/lodash-es-4.17.21.tgz#43e626c46e6591b7750beb2b50117390c609e3ee"
  integrity sha512-mKnC+QJ9pWVzv+C4/U3rRsHapFfHvQFoFB92e52xeyGMcX6/OlIl78je1u8vePzYZSkkogMPJ2yjxxsb89cxyw==

loose-envify@^1.4.0:
  version "1.4.0"
  resolved "https://registry.yarnpkg.com/loose-envify/-/loose-envify-1.4.0.tgz#71ee51fa7be4caec1a63839f7e682d8132d30caf"
  integrity sha512-lyuxPGr/Wfhrlem2CL/UcnUc1zcqKAImBDzukY7Y5F/yQiNdko6+fRLevlw1HgMySw7f611UIY408EtxRSoK3Q==
  dependencies:
    js-tokens "^3.0.0 || ^4.0.0"

marked@4.0.12:
  version "4.0.12"
  resolved "https://registry.yarnpkg.com/marked/-/marked-4.0.12.tgz#2262a4e6fd1afd2f13557726238b69a48b982f7d"
  integrity sha512-hgibXWrEDNBWgGiK18j/4lkS6ihTe9sxtV4Q1OQppb/0zzyPSzoFANBa5MfsG/zgsWklmNnhm0XACZOH/0HBiQ==

object-assign@^4.1.1:
  version "4.1.1"
  resolved "https://registry.yarnpkg.com/object-assign/-/object-assign-4.1.1.tgz#2109adc7965887cfc05cbbd442cac8bfbb360863"
  integrity sha512-rJgTQnkUnH1sFw8yT6VSU3zD3sWmu6sZhIseY8VX+GRu3P6F7Fu+JNDoXfklElbLJSnc3FUQHVe4cU5hj+BcUg==

prop-types@^15.7.2:
  version "15.8.1"
  resolved "https://registry.yarnpkg.com/prop-types/-/prop-types-15.8.1.tgz#67d87bf1a694f48435cf332c24af10214a3140b5"
  integrity sha512-oj87CgZICdulUohogVAR7AjlC0327U4el4L6eAvOqCeudMDVU0NThNaV+b9Df4dXgSP1gXMTnPdhfe/2qDH5cg==
  dependencies:
    loose-envify "^1.4.0"
    object-assign "^4.1.1"
    react-is "^16.13.1"

react-is@^16.13.1:
  version "16.13.1"
  resolved "https://registry.yarnpkg.com/react-is/-/react-is-16.13.1.tgz#789729a4dc36de2999dc156dd6c1d9c18cea56a4"
  integrity sha512-24e6ynE2H+OKt4kqsOvNd8kBpV65zoxbA4BVsEOB3ARVWQki/DHzaUoC5KuON/BiccDaCCTZBuOcfZs70kR8bQ==

turndown-plugin-gfm@1.0.2:
  version "1.0.2"
  resolved "https://registry.yarnpkg.com/turndown-plugin-gfm/-/turndown-plugin-gfm-1.0.2.tgz#6f8678a361f35220b2bdf5619e6049add75bf1c7"
  integrity sha512-vwz9tfvF7XN/jE0dGoBei3FXWuvll78ohzCZQuOb+ZjWrs3a0XhQVomJEb2Qh4VHTPNRO4GPZh0V7VRbiWwkRg==

turndown@7.2.0:
  version "7.2.0"
  resolved "https://registry.yarnpkg.com/turndown/-/turndown-7.2.0.tgz#67d614fe8371fb511079a93345abfd156c0ffcf4"
  integrity sha512-eCZGBN4nNNqM9Owkv9HAtWRYfLA4h909E/WGAWWBpmB275ehNhZyk87/Tpvjbp0jjNl9XwCsbe6bm6CqFsgD+A==
  dependencies:
    "@mixmark-io/domino" "^2.2.0"

vanilla-colorful@0.7.2:
  version "0.7.2"
  resolved "https://registry.yarnpkg.com/vanilla-colorful/-/vanilla-colorful-0.7.2.tgz#3fb1f4b9f15b797e20fd1ce8e0364f33b073f4a2"
  integrity sha512-z2YZusTFC6KnLERx1cgoIRX2CjPRP0W75N+3CC6gbvdX5Ch47rZkEMGO2Xnf+IEmi3RiFLxS18gayMA27iU7Kg==
