# THIS IS AN AUTOGENERATED FILE. DO NOT EDIT THIS FILE DIRECTLY.
# yarn lockfile v1


"@ckeditor/ckeditor5-alignment@^35.1.0":
  version "35.1.0"
  resolved "https://registry.yarnpkg.com/@ckeditor/ckeditor5-alignment/-/ckeditor5-alignment-35.1.0.tgz#3cf68f4c3a04e1bf9e356c7bfed4fcbc331b58f1"
  integrity sha512-fz7bvP/ma02MYhA0/k4qhHne6zoxNGEUiLpuxw8gbUw1ls+U09EcpumE+6uXta1NfymxKCNm/RDUVrgXfFJ9qg==
  dependencies:
    ckeditor5 "^35.1.0"

"@ckeditor/ckeditor5-autoformat@^35.1.0":
  version "35.1.0"
  resolved "https://registry.yarnpkg.com/@ckeditor/ckeditor5-autoformat/-/ckeditor5-autoformat-35.1.0.tgz#f477c441d006cd252fc12a547dcc71a697b5b1b3"
  integrity sha512-11eO3vx9n/L49HA0Atg+e7qAKRURGnyNvRzFS3wIXqK8Ap7vQXmrgOK/M5pObIo5Oi4pq/40iz/KroFLqC4vUA==
  dependencies:
    ckeditor5 "^35.1.0"

"@ckeditor/ckeditor5-autosave@^35.1.0":
  version "35.1.0"
  resolved "https://registry.yarnpkg.com/@ckeditor/ckeditor5-autosave/-/ckeditor5-autosave-35.1.0.tgz#76c335fc1f376dc11aa07e8dd0439832c64dcc66"
  integrity sha512-ofZ00l1xSvFhDhpU5U6CrHNH0jKOJdTEw4b0kVY945flOr51XWXoxizq6mmeRnqJPVH4N+Bfy32tYavPx7dC1Q==
  dependencies:
    ckeditor5 "^35.1.0"
    lodash-es "^4.17.15"

"@ckeditor/ckeditor5-basic-styles@^35.1.0":
  version "35.1.0"
  resolved "https://registry.yarnpkg.com/@ckeditor/ckeditor5-basic-styles/-/ckeditor5-basic-styles-35.1.0.tgz#4646ef84a46b72b11260c96d213c131aca818aff"
  integrity sha512-tqqJoXEqd/sLEwLeO4RfYlGyys9JlXPLQa3s7fQGeqD6iA5WLjBA5GFBoJLFkeSBhSq7OaKmEM5O5i6RjwVkkg==
  dependencies:
    ckeditor5 "^35.1.0"

"@ckeditor/ckeditor5-block-quote@^35.1.0":
  version "35.1.0"
  resolved "https://registry.yarnpkg.com/@ckeditor/ckeditor5-block-quote/-/ckeditor5-block-quote-35.1.0.tgz#048fdad12d4d59d49e570353d7ab178f3be72e2b"
  integrity sha512-6bMsajOYtw7nFAa/wyFPuAwfCmtKtMkkPOh0F1q8mxniaR+vn92mBZO9yP0cjNUWIcE4jSrPF/K0O1euSBpMbQ==
  dependencies:
    ckeditor5 "^35.1.0"

"@ckeditor/ckeditor5-clipboard@^35.1.0":
  version "35.1.0"
  resolved "https://registry.yarnpkg.com/@ckeditor/ckeditor5-clipboard/-/ckeditor5-clipboard-35.1.0.tgz#9b7c3d259a7245249fb9a70694752b92eb8deeae"
  integrity sha512-LfHDOI7gfQzIKbSgDi429SI75p4Scw+YK6zISTRN2IiNlAfsozjeYltm8O3ab7FFfBI8+TalnEx0gI41TXog0Q==
  dependencies:
    "@ckeditor/ckeditor5-core" "^35.1.0"
    "@ckeditor/ckeditor5-engine" "^35.1.0"
    "@ckeditor/ckeditor5-utils" "^35.1.0"
    "@ckeditor/ckeditor5-widget" "^35.1.0"
    lodash-es "^4.17.11"

"@ckeditor/ckeditor5-code-block@^35.1.0":
  version "35.1.0"
  resolved "https://registry.yarnpkg.com/@ckeditor/ckeditor5-code-block/-/ckeditor5-code-block-35.1.0.tgz#d577cd0f50c350d2fcc18a28ab54c0fa53286624"
  integrity sha512-I0xxuNsFfoQzg4HU8DVuyOYMz5iKF9iEpMykN55GuIvJy12RAx5p7TIrFcvwZSk0nrdq+ZVOCa7U9YGoELDngA==
  dependencies:
    ckeditor5 "^35.1.0"

"@ckeditor/ckeditor5-core@^35.1.0":
  version "35.1.0"
  resolved "https://registry.yarnpkg.com/@ckeditor/ckeditor5-core/-/ckeditor5-core-35.1.0.tgz#f6b0906b98a260324d45e2366ca0377cdfdaf5ae"
  integrity sha512-yqPP7tEOT/rsxtDf6qvL5Yszmf2MZJJDK426SQryJiKpAEysX+337FEeLpK1silIL+UMejh5Y2/oNr4L+wTRXw==
  dependencies:
    "@ckeditor/ckeditor5-engine" "^35.1.0"
    "@ckeditor/ckeditor5-ui" "^35.1.0"
    "@ckeditor/ckeditor5-utils" "^35.1.0"
    lodash-es "^4.17.15"

"@ckeditor/ckeditor5-easy-image@^35.1.0":
  version "35.1.0"
  resolved "https://registry.yarnpkg.com/@ckeditor/ckeditor5-easy-image/-/ckeditor5-easy-image-35.1.0.tgz#09e1ded7af5b43a4e24c00caf6acae112c5b161f"
  integrity sha512-5lhZxCR3Q+BJ3i4NoCBSnVYcOrJmPoBvbTFs5d6D4qlmR2C0y5EzWwQmPtO/bm380Fgg1DrZWH2xSGYpePB3PQ==
  dependencies:
    ckeditor5 "^35.1.0"

"@ckeditor/ckeditor5-editor-classic@^35.1.0":
  version "35.1.0"
  resolved "https://registry.yarnpkg.com/@ckeditor/ckeditor5-editor-classic/-/ckeditor5-editor-classic-35.1.0.tgz#430c5e893bd2bb80b837b879e7b57481b093a6af"
  integrity sha512-cuu0/cxJgReHbnMPdMOw7YWOogS2WwLo6S/WAP5OjHdXRb/oQOGcr+vi4+guRdSMz5YmXjr4lvskYgU4B4dF6A==
  dependencies:
    ckeditor5 "^35.1.0"
    lodash-es "^4.17.15"

"@ckeditor/ckeditor5-engine@^35.1.0":
  version "35.1.0"
  resolved "https://registry.yarnpkg.com/@ckeditor/ckeditor5-engine/-/ckeditor5-engine-35.1.0.tgz#82de6316e9b0c45b40c6928497313597a142a3fa"
  integrity sha512-1xyzPkN2N0xzdeVpT53Eqj4Awfbwl6lN3JIpgntBmCOdiZejRZipdPFkbS0ZkhG14aLAV1blbk/ZMJSsOmaTWg==
  dependencies:
    "@ckeditor/ckeditor5-utils" "^35.1.0"
    lodash-es "^4.17.15"

"@ckeditor/ckeditor5-enter@^35.1.0":
  version "35.1.0"
  resolved "https://registry.yarnpkg.com/@ckeditor/ckeditor5-enter/-/ckeditor5-enter-35.1.0.tgz#4e61b67c446da5512403656ccaab086b973e1ecd"
  integrity sha512-H+6vscBZqzU/Q4/N8so/UJzH2tiGN5cDa/5qbXGr/WwyWDez2Nl2y9bAl7ASB4vhzqr2/1WJ4ckBMGke5zR6pg==
  dependencies:
    "@ckeditor/ckeditor5-core" "^35.1.0"
    "@ckeditor/ckeditor5-engine" "^35.1.0"
    "@ckeditor/ckeditor5-utils" "^35.1.0"

"@ckeditor/ckeditor5-essentials@^35.1.0":
  version "35.1.0"
  resolved "https://registry.yarnpkg.com/@ckeditor/ckeditor5-essentials/-/ckeditor5-essentials-35.1.0.tgz#42d32a23dc21accd270537f86f7916eb75f55cfc"
  integrity sha512-qk09lYvIpWxRfDTdu/W36481PsvumiW3jTLC6Y41KOzjN5QQbC2uXNjaDKSYTWeQJB0xfeCDFl102DF//v4kxA==
  dependencies:
    ckeditor5 "^35.1.0"

"@ckeditor/ckeditor5-find-and-replace@^35.1.0":
  version "35.1.0"
  resolved "https://registry.yarnpkg.com/@ckeditor/ckeditor5-find-and-replace/-/ckeditor5-find-and-replace-35.1.0.tgz#74a6ee34704a8aa4d91bff252044dc3a4bfeb929"
  integrity sha512-s60Ujap5QxGA+7uAcQ1YOD9SAKZeddD4J/FBFvODB9a699bG6w7QLi3Ml9qBOafbsCuYRgWJNu1+uG6OOnFoQQ==
  dependencies:
    "@ckeditor/ckeditor5-ui" "^35.1.0"
    "@ckeditor/ckeditor5-utils" "^35.1.0"
    ckeditor5 "^35.1.0"
    lodash-es "^4.17.15"

"@ckeditor/ckeditor5-font@^35.1.0":
  version "35.1.0"
  resolved "https://registry.yarnpkg.com/@ckeditor/ckeditor5-font/-/ckeditor5-font-35.1.0.tgz#32b63f8bfbf2fb5439653769941346dec6e2049d"
  integrity sha512-l7YnmABteELyiPzr9n8vyqTS6Q2nTBH2ozLltFHo20pqBTzD9+jyud0/HIFzT59iUvMm39TU8k5SILmF3Zd79A==
  dependencies:
    ckeditor5 "^35.1.0"

"@ckeditor/ckeditor5-heading@^35.1.0":
  version "35.1.0"
  resolved "https://registry.yarnpkg.com/@ckeditor/ckeditor5-heading/-/ckeditor5-heading-35.1.0.tgz#a40b5418e2e6e72961e148b605a1f83f524c48d8"
  integrity sha512-dempsgWmcD9lLr7OlgsoRxC+GAVafRbweXO0J4RHRFFL+f5lh43Z+sUfuiXM5cGB03YvonSitt3Bizhj2hIxoQ==
  dependencies:
    ckeditor5 "^35.1.0"

"@ckeditor/ckeditor5-highlight@^35.1.0":
  version "35.1.0"
  resolved "https://registry.yarnpkg.com/@ckeditor/ckeditor5-highlight/-/ckeditor5-highlight-35.1.0.tgz#7934cbf6f204faa043c1d2c8373edf05483ec173"
  integrity sha512-8OtisrD5R234Tf7x1Ch+TOOBjR1ypPCCJ0ncc1F31Xj65agP6tWICf+gfKRw40WLL3tXuHiByC74Z7lR8aGPxQ==
  dependencies:
    ckeditor5 "^35.1.0"

"@ckeditor/ckeditor5-horizontal-line@^35.1.0":
  version "35.1.0"
  resolved "https://registry.yarnpkg.com/@ckeditor/ckeditor5-horizontal-line/-/ckeditor5-horizontal-line-35.1.0.tgz#fb7a62e1b20595f03f564ba167917b8aa4970b6b"
  integrity sha512-uOFLCmfKvQnS6yUQAhg060Fwvj/VVR9Z9UFrvOxN6ZT3o8GBwfeTkV9ZKkTyaMoHWt/BQgz1amBg7xx83KnDRQ==
  dependencies:
    ckeditor5 "^35.1.0"

"@ckeditor/ckeditor5-html-embed@^35.1.0":
  version "35.1.0"
  resolved "https://registry.yarnpkg.com/@ckeditor/ckeditor5-html-embed/-/ckeditor5-html-embed-35.1.0.tgz#fc3cd2061ac423213416258bd6690f5f409d3d3f"
  integrity sha512-enNll2U2HiMqsn/PiwzWym5KNFwb6z2HQlL7nTjN0UUFWHUV3HZt+6GsRtJ9dDdRFGPPYgLOFDQmiHxPbuxp9g==
  dependencies:
    ckeditor5 "^35.1.0"

"@ckeditor/ckeditor5-image@^35.1.0":
  version "35.1.0"
  resolved "https://registry.yarnpkg.com/@ckeditor/ckeditor5-image/-/ckeditor5-image-35.1.0.tgz#93bf632a9d57a84591a2da6e027651f484eed4eb"
  integrity sha512-7qqccl2dYX3dl7rnBuRHF1Mxpns6zG9Ink1rlpPMEcuA7NdA9VDglMDCvWYOLSGVObVOM7ecceHYeYhzNSeyrw==
  dependencies:
    "@ckeditor/ckeditor5-ui" "^35.1.0"
    ckeditor5 "^35.1.0"
    lodash-es "^4.17.15"

"@ckeditor/ckeditor5-indent@^35.1.0":
  version "35.1.0"
  resolved "https://registry.yarnpkg.com/@ckeditor/ckeditor5-indent/-/ckeditor5-indent-35.1.0.tgz#02154e9750d5d9fda6c263798c9962399fe5fca1"
  integrity sha512-yYgSBzHlln273S4H1aWfzqoMcb+Fn1yZ976Pj2ouM7bP22d+01ptNGSe6fiEqtmDiUu2gCj9W0tOwI0Oowb6fg==
  dependencies:
    ckeditor5 "^35.1.0"

"@ckeditor/ckeditor5-language@^35.1.0":
  version "35.1.0"
  resolved "https://registry.yarnpkg.com/@ckeditor/ckeditor5-language/-/ckeditor5-language-35.1.0.tgz#f6b099dfec789ffaa1e2129f1196a2eb80bcf3f7"
  integrity sha512-wpI378uNAiwy65iFM2zCNaOpBs64MS2W3pWaIZS9Y8OUFW6tRNx6RHr31f/KsElfHVfnxaZ4+36XAUN0Bz3LmA==
  dependencies:
    ckeditor5 "^35.1.0"

"@ckeditor/ckeditor5-link@^35.1.0":
  version "35.1.0"
  resolved "https://registry.yarnpkg.com/@ckeditor/ckeditor5-link/-/ckeditor5-link-35.1.0.tgz#2c67ccf73d993d76c6377c69b8c4f5104c5c0942"
  integrity sha512-eoCE96mfW8pAFpP3wE0E83mrg7SVSTnut0szLyWmQSiU63N0KJMKOZy6faImrMEgkdFppfJ966+lgBh4fB+Taw==
  dependencies:
    "@ckeditor/ckeditor5-ui" "^35.1.0"
    ckeditor5 "^35.1.0"
    lodash-es "^4.17.15"

"@ckeditor/ckeditor5-list@^35.1.0":
  version "35.1.0"
  resolved "https://registry.yarnpkg.com/@ckeditor/ckeditor5-list/-/ckeditor5-list-35.1.0.tgz#6247f7d98eb63fcbf512e555c0b95ae723d5f5f8"
  integrity sha512-NsGNRhYDI9xNm0wac3sE640LzpUSxQAzi60f2ap8p2pSL2RXpPJ3YA8Z+xmYP4xpJpu1eEcbOUnZDXjsKoct1Q==
  dependencies:
    "@ckeditor/ckeditor5-ui" "^35.1.0"
    ckeditor5 "^35.1.0"

"@ckeditor/ckeditor5-media-embed@^35.1.0":
  version "35.1.0"
  resolved "https://registry.yarnpkg.com/@ckeditor/ckeditor5-media-embed/-/ckeditor5-media-embed-35.1.0.tgz#6080ee47602e9b40870a15af28e0ddc8d1242839"
  integrity sha512-PpEXBE89KFFmrDpNKNbp52XPNOPr6rZXc+TOwd18E9R6upUATfLlajb5N2DYFqC7/DiW2pPJ9sSEF4SJZwNDkw==
  dependencies:
    "@ckeditor/ckeditor5-ui" "^35.1.0"
    ckeditor5 "^35.1.0"

"@ckeditor/ckeditor5-page-break@^35.1.0":
  version "35.1.0"
  resolved "https://registry.yarnpkg.com/@ckeditor/ckeditor5-page-break/-/ckeditor5-page-break-35.1.0.tgz#15852272d6635b74bbe35934dd718c89bc119caf"
  integrity sha512-/HUc+1QarHpMRxWYbUcM79S5O+1reV9Bz/MT7H7gbakIIhO8t/0ib/sC371CEQ/tCeG1ZkyFEw8ymR0H5PeEsA==
  dependencies:
    ckeditor5 "^35.1.0"

"@ckeditor/ckeditor5-paragraph@^35.1.0":
  version "35.1.0"
  resolved "https://registry.yarnpkg.com/@ckeditor/ckeditor5-paragraph/-/ckeditor5-paragraph-35.1.0.tgz#49cb14e713c8e1ad8599e2af33429d0e6a3567c1"
  integrity sha512-sgeEoOfaHbskbkYXfeGkakHJ0nfEoXvvhJeCQZn+o4FfJze/H5pvK14KNeiBsLqoLkKVcSMsHhYbEoeu9JNmKA==
  dependencies:
    "@ckeditor/ckeditor5-core" "^35.1.0"
    "@ckeditor/ckeditor5-ui" "^35.1.0"
    "@ckeditor/ckeditor5-utils" "^35.1.0"

"@ckeditor/ckeditor5-paste-from-office@^35.1.0":
  version "35.1.0"
  resolved "https://registry.yarnpkg.com/@ckeditor/ckeditor5-paste-from-office/-/ckeditor5-paste-from-office-35.1.0.tgz#64694b9c646d7dfde00ec7b91de4186a0bcbc07b"
  integrity sha512-/eu9w3A1XxO2xiMw9bYxf1MGvJwKaxU3G3sm3YpLJA7sWAm27d+PlNoUcfzetJWlD7hjfpt9Yu4+S4Oq8zILYw==
  dependencies:
    ckeditor5 "^35.1.0"

"@ckeditor/ckeditor5-react@^5.0.2":
  version "5.0.2"
  resolved "https://registry.yarnpkg.com/@ckeditor/ckeditor5-react/-/ckeditor5-react-5.0.2.tgz#446518e1d7ce842c63fc6ac24e818cc78a753903"
  integrity sha512-pN4acvCAIsuXaZDMttqy4dNBKXiJ6AS6P8NM3ggMc/rQkMIPp3YPhDWWf+pyQLUiewj1Bfr5EFeBfcXPQTOn+Q==
  dependencies:
    prop-types "^15.7.2"

"@ckeditor/ckeditor5-remove-format@^35.1.0":
  version "35.1.0"
  resolved "https://registry.yarnpkg.com/@ckeditor/ckeditor5-remove-format/-/ckeditor5-remove-format-35.1.0.tgz#6ec7554457a7fbffce6d3b019e446f9c17aa4dab"
  integrity sha512-EZ48pcihnbjQSXHdgq2csi4R0dSLdkGIaGluOcclU27GRpEksdxhag6/SGpw1Sy6q8VnUTMsNicVQALhS6ylyw==
  dependencies:
    ckeditor5 "^35.1.0"

"@ckeditor/ckeditor5-select-all@^35.1.0":
  version "35.1.0"
  resolved "https://registry.yarnpkg.com/@ckeditor/ckeditor5-select-all/-/ckeditor5-select-all-35.1.0.tgz#71faf944319215b11f586f391e31bc7926c12fc7"
  integrity sha512-xGYRBiSOfnk2/Ob55CckKdyZ9E1b+e8qIQN6YkQd9Yj3tuyGAKJ9XelOxayqhlVvpD3ctpD/cRomUjSRilz2Pw==
  dependencies:
    "@ckeditor/ckeditor5-core" "^35.1.0"
    "@ckeditor/ckeditor5-ui" "^35.1.0"
    "@ckeditor/ckeditor5-utils" "^35.1.0"

"@ckeditor/ckeditor5-special-characters@^35.1.0":
  version "35.1.0"
  resolved "https://registry.yarnpkg.com/@ckeditor/ckeditor5-special-characters/-/ckeditor5-special-characters-35.1.0.tgz#2f0d85daa4aa998d342758e296deb99bcd504e69"
  integrity sha512-Bgn1mC9I5ekTXfKlqkh4ybJFa2ht0NhC1yw3qXf33zj0C+pGyEc8VKRtRhjsyxfo5/ZCysWV6p7ziP5MWhHWpA==
  dependencies:
    ckeditor5 "^35.1.0"

"@ckeditor/ckeditor5-table@^35.1.0":
  version "35.1.0"
  resolved "https://registry.yarnpkg.com/@ckeditor/ckeditor5-table/-/ckeditor5-table-35.1.0.tgz#15b897882f3b074452fa9b063e7e65be21a57922"
  integrity sha512-wwreqkavUiGW+k31itgdRrzBUgZVO3IFHvwxITGqPHsRfEPmDaqasowYrZBqHXK5JPcOmkMq8viAfThnVHltqg==
  dependencies:
    ckeditor5 "^35.1.0"
    lodash-es "^4.17.15"

"@ckeditor/ckeditor5-theme-lark@^35.1.0":
  version "35.1.0"
  resolved "https://registry.yarnpkg.com/@ckeditor/ckeditor5-theme-lark/-/ckeditor5-theme-lark-35.1.0.tgz#30fcfbbbe0f05702a61aac8a5735f13ac08f6b26"
  integrity sha512-O5bsW+a2Zq3flHZhKDeTwnuD/2c0Oqw38Xk0FTMb+wksof7da591ls2iCxRyEcP/jnTxTmNQeZJePm682SaZQA==
  dependencies:
    "@ckeditor/ckeditor5-ui" "^35.1.0"

"@ckeditor/ckeditor5-typing@^35.1.0":
  version "35.1.0"
  resolved "https://registry.yarnpkg.com/@ckeditor/ckeditor5-typing/-/ckeditor5-typing-35.1.0.tgz#f3d5f83e6362fb9f74ab7e8c5e3cea5f507a6632"
  integrity sha512-GiOK8MlsfsVRze4+qbNnT3t4FRvnFge6F+l/knxpM07DIf8qdtf1xVvFRL2OfBBGXbBpcQ6W4aqZhWtSUrPJ5Q==
  dependencies:
    "@ckeditor/ckeditor5-core" "^35.1.0"
    "@ckeditor/ckeditor5-engine" "^35.1.0"
    "@ckeditor/ckeditor5-utils" "^35.1.0"
    lodash-es "^4.17.15"

"@ckeditor/ckeditor5-ui@^35.1.0":
  version "35.1.0"
  resolved "https://registry.yarnpkg.com/@ckeditor/ckeditor5-ui/-/ckeditor5-ui-35.1.0.tgz#fed659a65c5b9383f0decd8b13c1f3c4de53514d"
  integrity sha512-nHi8Y9VBXhtva166PxvtOir+PKigmvpqzq8NPZwwZBsi+REPNy9gg6tWb9UCkwQXpGR1LOX4nEhKa3e1LKJbig==
  dependencies:
    "@ckeditor/ckeditor5-core" "^35.1.0"
    "@ckeditor/ckeditor5-utils" "^35.1.0"
    lodash-es "^4.17.15"

"@ckeditor/ckeditor5-undo@^35.1.0":
  version "35.1.0"
  resolved "https://registry.yarnpkg.com/@ckeditor/ckeditor5-undo/-/ckeditor5-undo-35.1.0.tgz#776e225130dc1a533afc25e7721e1c9dca1d1e25"
  integrity sha512-Fe9Iji6odYL0HVM/xzFH4D7Z12K+Qcep6PGsRNks6y3ai11uukTV89WLKSdfzT5jwOq5AKhFdN+mSKPy1qfB/g==
  dependencies:
    "@ckeditor/ckeditor5-core" "^35.1.0"
    "@ckeditor/ckeditor5-engine" "^35.1.0"
    "@ckeditor/ckeditor5-ui" "^35.1.0"

"@ckeditor/ckeditor5-upload@^35.1.0":
  version "35.1.0"
  resolved "https://registry.yarnpkg.com/@ckeditor/ckeditor5-upload/-/ckeditor5-upload-35.1.0.tgz#b95158f120084d0eb8e7be9fb87437bcaa5d210f"
  integrity sha512-EDa56I4v+MH9EpDavcCrZA+3l9e3bYqPY43GCwy5KP9N6rbar05OaUCMqPXA0ky2eupkae2tjp8MtCUxs/W+Vg==
  dependencies:
    "@ckeditor/ckeditor5-core" "^35.1.0"
    "@ckeditor/ckeditor5-ui" "^35.1.0"
    "@ckeditor/ckeditor5-utils" "^35.1.0"

"@ckeditor/ckeditor5-utils@^35.1.0":
  version "35.1.0"
  resolved "https://registry.yarnpkg.com/@ckeditor/ckeditor5-utils/-/ckeditor5-utils-35.1.0.tgz#5c56e701de5a38f317d654dc7871095a8aebbe05"
  integrity sha512-a13oY43cHzS0uwLB/m6JKXhNNWftcNsUrI2/+UGsUElmFEnJ7aG24iHkdmh62kHY/X5SxowW9hBQR+yb6sKC4w==
  dependencies:
    lodash-es "^4.17.15"

"@ckeditor/ckeditor5-widget@^35.1.0":
  version "35.1.0"
  resolved "https://registry.yarnpkg.com/@ckeditor/ckeditor5-widget/-/ckeditor5-widget-35.1.0.tgz#ecf12655ef91e64c148bac50879cc7ae2fba3160"
  integrity sha512-Gi7zWRmcxkGWjx6pbn2HUqUUftVzCMfRX22SmOQOl9GKQmJAQaKtdM/sBnv0kY5DLsWLrI9HAED9TJhT0zuN9w==
  dependencies:
    "@ckeditor/ckeditor5-core" "^35.1.0"
    "@ckeditor/ckeditor5-engine" "^35.1.0"
    "@ckeditor/ckeditor5-enter" "^35.1.0"
    "@ckeditor/ckeditor5-typing" "^35.1.0"
    "@ckeditor/ckeditor5-ui" "^35.1.0"
    "@ckeditor/ckeditor5-utils" "^35.1.0"
    lodash-es "^4.17.15"

"@ckeditor/ckeditor5-word-count@^35.1.0":
  version "35.1.0"
  resolved "https://registry.yarnpkg.com/@ckeditor/ckeditor5-word-count/-/ckeditor5-word-count-35.1.0.tgz#3081091cc4aed5c2dd1119110e2d860a470b1e3b"
  integrity sha512-G98wZZ0JstnyP0a92fpMhi3wq3os56CD27s8jtNbjuat10ZRx2mIcGgxUprvkS3qbygs55liENzotFlPRlA7ww==
  dependencies:
    ckeditor5 "^35.1.0"
    lodash-es "^4.17.15"

"@reinmar/ckeditor5-maximum-length@^0.0.1":
  version "0.0.1"
  resolved "https://registry.yarnpkg.com/@reinmar/ckeditor5-maximum-length/-/ckeditor5-maximum-length-0.0.1.tgz#6097a7d73fa2a5b2b4ca61212459225b84f59ee5"
  integrity sha512-w03YHqYPWFzwCc3OzrwfwL1NkL9KQ194yiEdQ0YWNdm0PBkoZVlSiVyfShe0TwxoJlgbuRvPjPBhUR3q1tUtkA==
  dependencies:
    ckeditor5 ">=35.1.0"

ckeditor5@>=35.1.0, ckeditor5@^35.1.0:
  version "35.1.0"
  resolved "https://registry.yarnpkg.com/ckeditor5/-/ckeditor5-35.1.0.tgz#4fe60a90d5da69b6e59a97bb8358c536665ee4c4"
  integrity sha512-Mk8qPXT1OW1BxwVbDnphJmNww8kodKv48HUqSWBCI5i+hOZ/zXNdBoD48NCYqJ5Lr2rJCvlfZ93t3cc//20hwg==
  dependencies:
    "@ckeditor/ckeditor5-clipboard" "^35.1.0"
    "@ckeditor/ckeditor5-core" "^35.1.0"
    "@ckeditor/ckeditor5-engine" "^35.1.0"
    "@ckeditor/ckeditor5-enter" "^35.1.0"
    "@ckeditor/ckeditor5-paragraph" "^35.1.0"
    "@ckeditor/ckeditor5-select-all" "^35.1.0"
    "@ckeditor/ckeditor5-typing" "^35.1.0"
    "@ckeditor/ckeditor5-ui" "^35.1.0"
    "@ckeditor/ckeditor5-undo" "^35.1.0"
    "@ckeditor/ckeditor5-upload" "^35.1.0"
    "@ckeditor/ckeditor5-utils" "^35.1.0"
    "@ckeditor/ckeditor5-widget" "^35.1.0"

"js-tokens@^3.0.0 || ^4.0.0":
  version "4.0.0"
  resolved "https://registry.yarnpkg.com/js-tokens/-/js-tokens-4.0.0.tgz#19203fb59991df98e3a287050d4647cdeaf32499"
  integrity sha512-RdJUflcE3cUzKiMqQgsCu06FPu9UdIJO0beYbPhHN4k6apgJtifcoCtT9bcxOpYBtpD2kCM6Sbzg4CausW/PKQ==

lodash-es@^4.17.11, lodash-es@^4.17.15:
  version "4.17.21"
  resolved "https://registry.yarnpkg.com/lodash-es/-/lodash-es-4.17.21.tgz#43e626c46e6591b7750beb2b50117390c609e3ee"
  integrity sha512-mKnC+QJ9pWVzv+C4/U3rRsHapFfHvQFoFB92e52xeyGMcX6/OlIl78je1u8vePzYZSkkogMPJ2yjxxsb89cxyw==

loose-envify@^1.4.0:
  version "1.4.0"
  resolved "https://registry.yarnpkg.com/loose-envify/-/loose-envify-1.4.0.tgz#71ee51fa7be4caec1a63839f7e682d8132d30caf"
  integrity sha512-lyuxPGr/Wfhrlem2CL/UcnUc1zcqKAImBDzukY7Y5F/yQiNdko6+fRLevlw1HgMySw7f611UIY408EtxRSoK3Q==
  dependencies:
    js-tokens "^3.0.0 || ^4.0.0"

object-assign@^4.1.1:
  version "4.1.1"
  resolved "https://registry.yarnpkg.com/object-assign/-/object-assign-4.1.1.tgz#2109adc7965887cfc05cbbd442cac8bfbb360863"
  integrity sha512-rJgTQnkUnH1sFw8yT6VSU3zD3sWmu6sZhIseY8VX+GRu3P6F7Fu+JNDoXfklElbLJSnc3FUQHVe4cU5hj+BcUg==

prop-types@^15.7.2:
  version "15.8.1"
  resolved "https://registry.yarnpkg.com/prop-types/-/prop-types-15.8.1.tgz#67d87bf1a694f48435cf332c24af10214a3140b5"
  integrity sha512-oj87CgZICdulUohogVAR7AjlC0327U4el4L6eAvOqCeudMDVU0NThNaV+b9Df4dXgSP1gXMTnPdhfe/2qDH5cg==
  dependencies:
    loose-envify "^1.4.0"
    object-assign "^4.1.1"
    react-is "^16.13.1"

react-is@^16.13.1:
  version "16.13.1"
  resolved "https://registry.yarnpkg.com/react-is/-/react-is-16.13.1.tgz#789729a4dc36de2999dc156dd6c1d9c18cea56a4"
  integrity sha512-24e6ynE2H+OKt4kqsOvNd8kBpV65zoxbA4BVsEOB3ARVWQki/DHzaUoC5KuON/BiccDaCCTZBuOcfZs70kR8bQ==
