# THIS IS AN AUTOGENERATED FILE. DO NOT EDIT THIS FILE DIRECTLY.
# yarn lockfile v1


"@ckeditor/ckeditor5-alignment@^39.0.2":
  version "39.0.2"
  resolved "https://registry.yarnpkg.com/@ckeditor/ckeditor5-alignment/-/ckeditor5-alignment-39.0.2.tgz#a2e08d6ed7be493f89bda9a6415dc56e88a6b8d4"
  integrity sha512-TjM+9h3tFn1wgnF4RJg0WaA758kT5VGSaVi0Ti6NECckPGXnccJpIQ7ZMSKAe4zCfaRSmNQsNYc20iq7w7+leg==
  dependencies:
    ckeditor5 "39.0.2"

"@ckeditor/ckeditor5-autoformat@^39.0.2":
  version "39.0.2"
  resolved "https://registry.yarnpkg.com/@ckeditor/ckeditor5-autoformat/-/ckeditor5-autoformat-39.0.2.tgz#b1b8d1b5ba60c96c65848ec58fe8156cc2e526d2"
  integrity sha512-iltoRC/XAgApwM7+TErrGMjkX+G13YbB/YxCTXBBQeHiPRnEEpPMeqHGyLMipSshq6mCZaPNwzmfaQ1pQ+PWlg==
  dependencies:
    ckeditor5 "39.0.2"

"@ckeditor/ckeditor5-autosave@^39.0.2":
  version "39.0.2"
  resolved "https://registry.yarnpkg.com/@ckeditor/ckeditor5-autosave/-/ckeditor5-autosave-39.0.2.tgz#a598947f031410729dca654e5aebcfdb0d661404"
  integrity sha512-2YZwsPSFVwhqVoxU6HtQppmn8+TPnm7LmSKYt+7ESc72oqmWIcFGTkCmP5/gIt4oqz5twtJZ/v5lBg+92i3PyQ==
  dependencies:
    ckeditor5 "39.0.2"
    lodash-es "4.17.21"

"@ckeditor/ckeditor5-basic-styles@^39.0.2":
  version "39.0.2"
  resolved "https://registry.yarnpkg.com/@ckeditor/ckeditor5-basic-styles/-/ckeditor5-basic-styles-39.0.2.tgz#51c8fbad47fd8e3a1a4ece3a4395f0f65f777c70"
  integrity sha512-sp5sfE4d8Tng/zIssBK+SgaEkPfGcbmoGkjbHhPlWYAoQB9ONwvWkRZy9s3C+H0gfsEj3EqqxUKY70Us0yT8rA==
  dependencies:
    ckeditor5 "39.0.2"

"@ckeditor/ckeditor5-block-quote@^39.0.2":
  version "39.0.2"
  resolved "https://registry.yarnpkg.com/@ckeditor/ckeditor5-block-quote/-/ckeditor5-block-quote-39.0.2.tgz#0038d5ebe1965280f6ebd9ca8dd8f0d979f7d787"
  integrity sha512-ykxkLWJ1nuu5vVBnvHKKgKleudUNTjt/2zDsvUAiBbl4iN0rnOqhLbSL54fY4130p/DvE1CVoozqNiv7L83Vjw==
  dependencies:
    ckeditor5 "39.0.2"

"@ckeditor/ckeditor5-clipboard@39.0.2":
  version "39.0.2"
  resolved "https://registry.yarnpkg.com/@ckeditor/ckeditor5-clipboard/-/ckeditor5-clipboard-39.0.2.tgz#21a9defa3144e30a86fae67792ea2e958f6a4cdc"
  integrity sha512-SSuanBiQ4lWznXSGyeV5vqQweVWZ1+iZG1/atmrZSb/BOWa3XD6EGPu9tuzdm9MCjk2OxBuyMT07Cw+WzXFosQ==
  dependencies:
    "@ckeditor/ckeditor5-core" "39.0.2"
    "@ckeditor/ckeditor5-engine" "39.0.2"
    "@ckeditor/ckeditor5-ui" "39.0.2"
    "@ckeditor/ckeditor5-utils" "39.0.2"
    "@ckeditor/ckeditor5-widget" "39.0.2"
    lodash-es "4.17.21"

"@ckeditor/ckeditor5-code-block@^39.0.2":
  version "39.0.2"
  resolved "https://registry.yarnpkg.com/@ckeditor/ckeditor5-code-block/-/ckeditor5-code-block-39.0.2.tgz#02783fe07baffcd4235347ecf4b7191c539d46dc"
  integrity sha512-VlG/+VqxrR/JWQZVsGzemr3caOgQLB5OmSsFKPBEzoMI+05zf2UM232DyBVBUfA6UJ5L/ZMkT9YdUi+XhFnhAQ==
  dependencies:
    ckeditor5 "39.0.2"

"@ckeditor/ckeditor5-core@39.0.2":
  version "39.0.2"
  resolved "https://registry.yarnpkg.com/@ckeditor/ckeditor5-core/-/ckeditor5-core-39.0.2.tgz#fa8a9430f8de53f1edca20d7309f058446842167"
  integrity sha512-/xtor5vIXgwBVsAj+yO/wyzezQUmXabdkb/T8aSXtO2665zeOVbDbtSsJ1Ov7Tz5A4Ia1pA9d7iDCt7E8Kva7A==
  dependencies:
    "@ckeditor/ckeditor5-engine" "39.0.2"
    "@ckeditor/ckeditor5-utils" "39.0.2"
    lodash-es "4.17.21"

"@ckeditor/ckeditor5-easy-image@^39.0.2":
  version "39.0.2"
  resolved "https://registry.yarnpkg.com/@ckeditor/ckeditor5-easy-image/-/ckeditor5-easy-image-39.0.2.tgz#e6a49cf6a636eaaf2d4591c0d9b4d600d53e27d6"
  integrity sha512-tOpmHH97Mv0bz844fciqxXe3owUyqqh4MqCMZ7c5cjywuvZOQ8Kp/o7HgWEKKRuKJUoLGaBH0bDRKMpIvXkOVg==
  dependencies:
    ckeditor5 "39.0.2"

"@ckeditor/ckeditor5-editor-classic@^39.0.2":
  version "39.0.2"
  resolved "https://registry.yarnpkg.com/@ckeditor/ckeditor5-editor-classic/-/ckeditor5-editor-classic-39.0.2.tgz#7ecca6b9308726fb1bc5dc695830ac9c94ac1365"
  integrity sha512-zDDFe70junUJT5VltMsVdBqSZUew4fCe8fmi9JMI2m2MAwNwARAOkOy9mQMMTJlrD+P3CfD/Y9QpromEjLOnYA==
  dependencies:
    ckeditor5 "39.0.2"
    lodash-es "4.17.21"

"@ckeditor/ckeditor5-engine@39.0.2":
  version "39.0.2"
  resolved "https://registry.yarnpkg.com/@ckeditor/ckeditor5-engine/-/ckeditor5-engine-39.0.2.tgz#5cb5ee83539d81645ae40a7462e651fc51c0bda0"
  integrity sha512-ERcEpIrmTML0/uhukkC+ZJSOx4mRaPbNG5vPEBXIentfDpzu1NrmUhGZRGXaw5lltL+NJbuTI0wjEINap0Hl3w==
  dependencies:
    "@ckeditor/ckeditor5-utils" "39.0.2"
    lodash-es "4.17.21"

"@ckeditor/ckeditor5-enter@39.0.2":
  version "39.0.2"
  resolved "https://registry.yarnpkg.com/@ckeditor/ckeditor5-enter/-/ckeditor5-enter-39.0.2.tgz#c6bb17f28869415c83f7ea09e9703f2baf15e320"
  integrity sha512-7yeZI/mzJH4/yryXFQemrueZA/UNGkfnauN8Mu6XFMykoRNo6l+cASz0x4iGb3pWumV3g+tUeX6AJmuwXkRb5A==
  dependencies:
    "@ckeditor/ckeditor5-core" "39.0.2"
    "@ckeditor/ckeditor5-engine" "39.0.2"
    "@ckeditor/ckeditor5-utils" "39.0.2"

"@ckeditor/ckeditor5-essentials@^39.0.2":
  version "39.0.2"
  resolved "https://registry.yarnpkg.com/@ckeditor/ckeditor5-essentials/-/ckeditor5-essentials-39.0.2.tgz#9bbb0f1f62d3f60e634dcc5bec366873b756e21c"
  integrity sha512-5Nf3XeuB0thXTJS2M2JYrlW2uuSujNOhwW7L05e7Z5JP4nUSkopBHdvymX9feZKMzGPOw6SVhk8gQIDYV7S28A==
  dependencies:
    ckeditor5 "39.0.2"

"@ckeditor/ckeditor5-find-and-replace@^39.0.2":
  version "39.0.2"
  resolved "https://registry.yarnpkg.com/@ckeditor/ckeditor5-find-and-replace/-/ckeditor5-find-and-replace-39.0.2.tgz#bb0c6b444c01613b0e1535e59dfec7befe8c27d1"
  integrity sha512-cRD/ozsclBVjcuCokFiPMGEUV8YqbyjMQnHMUbsuc3qGQ2rV7A6tJZJqOdW7EW78asEPrVQ6M0SrIYgrb5lzCQ==
  dependencies:
    "@ckeditor/ckeditor5-ui" "39.0.2"
    ckeditor5 "39.0.2"
    lodash-es "4.17.21"

"@ckeditor/ckeditor5-font@^39.0.2":
  version "39.0.2"
  resolved "https://registry.yarnpkg.com/@ckeditor/ckeditor5-font/-/ckeditor5-font-39.0.2.tgz#a228151a6ec2b2c65a5e2087a5eec9ab6decf86e"
  integrity sha512-6sGgo9X23gAllVjzGH1gOkjIEHkvm2O40IqUKCBwzn0K6Ry6St4R4QtcQeFV5jxAMKn0eD7blPuhItVrjmN0hw==
  dependencies:
    ckeditor5 "39.0.2"

"@ckeditor/ckeditor5-heading@^39.0.2":
  version "39.0.2"
  resolved "https://registry.yarnpkg.com/@ckeditor/ckeditor5-heading/-/ckeditor5-heading-39.0.2.tgz#2704c3b8c2ffe8f77c30130523275f6f0bd5ad8b"
  integrity sha512-P1ogDMAsTZB/TfuNwifNv1H9KHaMSPRaPfd+clhhLV/GAdt2rGMeH0HKuSke54cZYB6qMQP7Za8Xsfi2ufY0GA==
  dependencies:
    ckeditor5 "39.0.2"

"@ckeditor/ckeditor5-highlight@^39.0.2":
  version "39.0.2"
  resolved "https://registry.yarnpkg.com/@ckeditor/ckeditor5-highlight/-/ckeditor5-highlight-39.0.2.tgz#4ef924b2f9baba97c3b1ca5ca2234233a64a5cb1"
  integrity sha512-WlinrcgNRgTMPCtg3ZfirEdbVpP+xSQdYGA/kmMTcjEnzfEUZv5ceecAF367158+hQNhY06p7Zpvxot8z6pobA==
  dependencies:
    ckeditor5 "39.0.2"

"@ckeditor/ckeditor5-horizontal-line@^39.0.2":
  version "39.0.2"
  resolved "https://registry.yarnpkg.com/@ckeditor/ckeditor5-horizontal-line/-/ckeditor5-horizontal-line-39.0.2.tgz#570c75dc3ecf3f2de3a2ef9853703423c58f1993"
  integrity sha512-lKPqiOwmuX/9s5TclET7cywcQ76TJh/w+6u3BK8buzlmyWzdeYXUyljNqWCgiS0i2yyY4w5XaJxXB/Ey7Ks8/w==
  dependencies:
    ckeditor5 "39.0.2"

"@ckeditor/ckeditor5-html-embed@^39.0.2":
  version "39.0.2"
  resolved "https://registry.yarnpkg.com/@ckeditor/ckeditor5-html-embed/-/ckeditor5-html-embed-39.0.2.tgz#4876baabd70a5f69248ad627e010053f5486fc46"
  integrity sha512-51dt9ndDl8Ba1ETmBDwAM0u82/yyF1uY5bXnHrkfrcYwGn+pHojKMTysilmniY35fo9Rn2TaV8eBsp/2h/tYMg==
  dependencies:
    ckeditor5 "39.0.2"

"@ckeditor/ckeditor5-image@^39.0.2":
  version "39.0.2"
  resolved "https://registry.yarnpkg.com/@ckeditor/ckeditor5-image/-/ckeditor5-image-39.0.2.tgz#2dc2599dbc3556626b75884cc52e7020c1bac5fa"
  integrity sha512-sp7ce+j/UqRW4kmhMX8DfZKPbNs5HgiEQY8ChQUPOKghstEjBrPpGFYCJ++NMPmWguDTzLxVAVuo2k+VOt+swA==
  dependencies:
    "@ckeditor/ckeditor5-ui" "39.0.2"
    ckeditor5 "39.0.2"
    lodash-es "4.17.21"

"@ckeditor/ckeditor5-indent@^39.0.2":
  version "39.0.2"
  resolved "https://registry.yarnpkg.com/@ckeditor/ckeditor5-indent/-/ckeditor5-indent-39.0.2.tgz#d7fbca63cbc07181f4208dec0e15d431d1ca42d6"
  integrity sha512-wU/1jBqgkK068fxkZDxnZM5iACunABXBVtpgfXqe2S6cMPVQyhiLzo955Yt7BhqN7Mkor59xESO2+Npj/vwB7w==
  dependencies:
    ckeditor5 "39.0.2"

"@ckeditor/ckeditor5-language@^39.0.2":
  version "39.0.2"
  resolved "https://registry.yarnpkg.com/@ckeditor/ckeditor5-language/-/ckeditor5-language-39.0.2.tgz#db5b99849dcd5dbc3771e174ea8ab50117756304"
  integrity sha512-GG5ZGsTDF6fKtfvvcy0w+/YQ24CL2x1lTWiZ1Ktkqb3o4WLHviynO5pAz1UXWViuKpF9QWPpgs4KTF1WeHhCJw==
  dependencies:
    ckeditor5 "39.0.2"

"@ckeditor/ckeditor5-link@^39.0.2":
  version "39.0.2"
  resolved "https://registry.yarnpkg.com/@ckeditor/ckeditor5-link/-/ckeditor5-link-39.0.2.tgz#398032162d233d511cd2f59134560a3ea48b4111"
  integrity sha512-UKSamaD+yGaLPo/7pLS6bi+h2pRpX7qFSe4isVvmC8PfhN4YAm6ZYpIXpnktzfv2+/Jx6P9HzfjOnJPPT5PRdQ==
  dependencies:
    "@ckeditor/ckeditor5-ui" "39.0.2"
    ckeditor5 "39.0.2"
    lodash-es "4.17.21"

"@ckeditor/ckeditor5-list@^39.0.2":
  version "39.0.2"
  resolved "https://registry.yarnpkg.com/@ckeditor/ckeditor5-list/-/ckeditor5-list-39.0.2.tgz#ddf856dc1f081ad16a2766d9c1316023ec7bf293"
  integrity sha512-XRcp67PuDK/mP0sL8g+TFLIr/MigVHKATwO+7OAJZlGAGxr73V/eRw3G6ZAe6Lh0lVQPRA54r+h5DHG5P+KRRg==
  dependencies:
    "@ckeditor/ckeditor5-ui" "39.0.2"
    ckeditor5 "39.0.2"

"@ckeditor/ckeditor5-markdown-gfm@^39.0.2":
  version "39.0.2"
  resolved "https://registry.yarnpkg.com/@ckeditor/ckeditor5-markdown-gfm/-/ckeditor5-markdown-gfm-39.0.2.tgz#e3d7a34b939d3f68c18a01f0e1d23f2d03764554"
  integrity sha512-x4sQHFiQbr0z0pPElevtBpO052iOCokQRJ00ZOHzZc4gOUdxSHikNLZnRcjOm2QVgOudA0C7JuaYq3LhQU3cNQ==
  dependencies:
    ckeditor5 "39.0.2"
    marked "4.0.12"
    turndown "6.0.0"
    turndown-plugin-gfm "1.0.2"

"@ckeditor/ckeditor5-media-embed@^39.0.2":
  version "39.0.2"
  resolved "https://registry.yarnpkg.com/@ckeditor/ckeditor5-media-embed/-/ckeditor5-media-embed-39.0.2.tgz#60edde495c4b51103f2249b1708beaba6740d15d"
  integrity sha512-1QL+nYSTKlnTz9rMWeuW0/kvq8eCR0Yl0dJl+37uPJOrR6fQNxVcGq375D9f+WO45IJjOZ+7dtgxm19WK3R1cQ==
  dependencies:
    "@ckeditor/ckeditor5-ui" "39.0.2"
    ckeditor5 "39.0.2"

"@ckeditor/ckeditor5-page-break@^39.0.2":
  version "39.0.2"
  resolved "https://registry.yarnpkg.com/@ckeditor/ckeditor5-page-break/-/ckeditor5-page-break-39.0.2.tgz#cd61d7a199ef2b1a8f0375d426bde6ac40a22468"
  integrity sha512-usP9v40T8jiCCnbtuhGDlXaH1m4yHPnC8vSl2c4VER/mGXl/87v0YSnYFPtHYaMYCE38917oCoQ8QrNNK8eqmg==
  dependencies:
    ckeditor5 "39.0.2"

"@ckeditor/ckeditor5-paragraph@39.0.2", "@ckeditor/ckeditor5-paragraph@^39.0.2":
  version "39.0.2"
  resolved "https://registry.yarnpkg.com/@ckeditor/ckeditor5-paragraph/-/ckeditor5-paragraph-39.0.2.tgz#c76d4ea994c162b2552983742de8000184f81a65"
  integrity sha512-is0+G3ghz+6EwoNT5ciySiPt05FI0I/lxPksSDl4QG9BcGUwkN94fJalCxgXuMlGulojm/YZ3dCmJPnLMrAnUA==
  dependencies:
    "@ckeditor/ckeditor5-core" "39.0.2"
    "@ckeditor/ckeditor5-ui" "39.0.2"
    "@ckeditor/ckeditor5-utils" "39.0.2"

"@ckeditor/ckeditor5-paste-from-office@^39.0.2":
  version "39.0.2"
  resolved "https://registry.yarnpkg.com/@ckeditor/ckeditor5-paste-from-office/-/ckeditor5-paste-from-office-39.0.2.tgz#6b29bcae5947847631cb4ca8937ea14658ef013b"
  integrity sha512-Y9O1C+9BpFCtvYI80AJzm/BkZWMedhreCaZcSCsEUUIo6vrIwehatTvgqWZJLwKZwL+4iy5/Kv9OfUhvO10I8Q==
  dependencies:
    ckeditor5 "39.0.2"

"@ckeditor/ckeditor5-react@^6.1.0":
  version "6.1.0"
  resolved "https://registry.yarnpkg.com/@ckeditor/ckeditor5-react/-/ckeditor5-react-6.1.0.tgz#601db37d0810e52796276c85cce9907d882463e0"
  integrity sha512-uwJ89pOJnjlMgfluGJhxatt6zV5ZavuV7AaRvJpxzAU7SjoC3sNumohDRmI0KGDGoyCVPMJO9fgE3ijIb3gHlQ==
  dependencies:
    prop-types "^15.7.2"

"@ckeditor/ckeditor5-remove-format@^39.0.2":
  version "39.0.2"
  resolved "https://registry.yarnpkg.com/@ckeditor/ckeditor5-remove-format/-/ckeditor5-remove-format-39.0.2.tgz#907ca3b38869b1cef5417397914bf412b7b0cb6b"
  integrity sha512-gCoWMMUyvqjtQs+EUr7JpO8LEF2Ip7qXmCuSwLTteet79a8sQyllPY6O3UOUEuFMO2GtT36+jtQ93pQh7onn+g==
  dependencies:
    ckeditor5 "39.0.2"

"@ckeditor/ckeditor5-select-all@39.0.2":
  version "39.0.2"
  resolved "https://registry.yarnpkg.com/@ckeditor/ckeditor5-select-all/-/ckeditor5-select-all-39.0.2.tgz#d6559237512725ab01f40a793c79f57761a36af8"
  integrity sha512-/zTPZ14sfsL6E7LHcdOSW5JR7A5tsaSO2KNlQ/jm77XWSeQ7HZ4I7hoLXWksvcseubQ+xExWrzMQIjIOGqBLcQ==
  dependencies:
    "@ckeditor/ckeditor5-core" "39.0.2"
    "@ckeditor/ckeditor5-ui" "39.0.2"
    "@ckeditor/ckeditor5-utils" "39.0.2"

"@ckeditor/ckeditor5-special-characters@^39.0.2":
  version "39.0.2"
  resolved "https://registry.yarnpkg.com/@ckeditor/ckeditor5-special-characters/-/ckeditor5-special-characters-39.0.2.tgz#613c7c6f3d7718d03eb1a7b957be8f7ec1246f06"
  integrity sha512-0BSRKkywpzI+KJGB9ouFAf59UYWasUBSGiDrBbdd6QGWwA1hlpaMIPD4B8nCGmSNgtmyVEbpp7wBDfol0GgggA==
  dependencies:
    ckeditor5 "39.0.2"

"@ckeditor/ckeditor5-table@^39.0.2":
  version "39.0.2"
  resolved "https://registry.yarnpkg.com/@ckeditor/ckeditor5-table/-/ckeditor5-table-39.0.2.tgz#f748561976a40047e12c023f574690fae75c2944"
  integrity sha512-IpI53KPEOj1F1vbMYUHLkOeoQoQV/q3pfiJxXXHZja1QaIEnqZT7YcSvJQbCyiuQw4UCZqU5x84c8GcyIZlBhg==
  dependencies:
    ckeditor5 "39.0.2"
    lodash-es "4.17.21"

"@ckeditor/ckeditor5-theme-lark@^39.0.2":
  version "39.0.2"
  resolved "https://registry.yarnpkg.com/@ckeditor/ckeditor5-theme-lark/-/ckeditor5-theme-lark-39.0.2.tgz#37e67ee3113c5fb385e66a2dad3de1033c786260"
  integrity sha512-v6S3++hkoKgqV71BCafKWYmPA6o/X44kUzdahnFs1rYBM5WS87y9Jb0W8Rv8FXXD5QD0H2axtySw9S6HfYspQw==
  dependencies:
    "@ckeditor/ckeditor5-ui" "39.0.2"

"@ckeditor/ckeditor5-typing@39.0.2":
  version "39.0.2"
  resolved "https://registry.yarnpkg.com/@ckeditor/ckeditor5-typing/-/ckeditor5-typing-39.0.2.tgz#186c28c4d37ee05bc53a84deb69a04e740ed4149"
  integrity sha512-ylkBumukIRe/8jQTanVYNcExvoraXX9TIX3POwiug2F+c/POKjoHgeq8+Wf/JEl7/ydtXZKT5tROqOe9haSteA==
  dependencies:
    "@ckeditor/ckeditor5-core" "39.0.2"
    "@ckeditor/ckeditor5-engine" "39.0.2"
    "@ckeditor/ckeditor5-utils" "39.0.2"
    lodash-es "4.17.21"

"@ckeditor/ckeditor5-ui@39.0.2":
  version "39.0.2"
  resolved "https://registry.yarnpkg.com/@ckeditor/ckeditor5-ui/-/ckeditor5-ui-39.0.2.tgz#17e6fe0f66554c6e2080bfaef1f94513855f7579"
  integrity sha512-OHYasdPXG1Vy1tR5hcGeffeqg6ujWzCEbRczuU+0sC3ttYkxrnFk6qYe7gjA+BoqD61otk1au+rhCVux8dy0hQ==
  dependencies:
    "@ckeditor/ckeditor5-core" "39.0.2"
    "@ckeditor/ckeditor5-utils" "39.0.2"
    color-convert "2.0.1"
    color-parse "1.4.2"
    lodash-es "4.17.21"
    vanilla-colorful "0.7.2"

"@ckeditor/ckeditor5-undo@39.0.2":
  version "39.0.2"
  resolved "https://registry.yarnpkg.com/@ckeditor/ckeditor5-undo/-/ckeditor5-undo-39.0.2.tgz#0eddf55c987a6f8240d38618e134a31cc4fab517"
  integrity sha512-DSy7rRtnpVPpzZYOoQJNZ/6Zx4LEk3WVf8VG8wJDgpuxbRrE59DsNwVEqGEvDyVGlgzbuWZrfkkcL4hjcoYHCw==
  dependencies:
    "@ckeditor/ckeditor5-core" "39.0.2"
    "@ckeditor/ckeditor5-engine" "39.0.2"
    "@ckeditor/ckeditor5-ui" "39.0.2"

"@ckeditor/ckeditor5-upload@39.0.2", "@ckeditor/ckeditor5-upload@^39.0.2":
  version "39.0.2"
  resolved "https://registry.yarnpkg.com/@ckeditor/ckeditor5-upload/-/ckeditor5-upload-39.0.2.tgz#3138e2a9a963d20e3ebc39c68ee520e2b3c94332"
  integrity sha512-6LLU9lJDlnE4RT1GBzK1V6gsIv/+4NiWVojblzET9AlyMI4BRTn3/PPxZRWyPPKH96AeuIWoyj32D/a24yQujg==
  dependencies:
    "@ckeditor/ckeditor5-core" "39.0.2"
    "@ckeditor/ckeditor5-ui" "39.0.2"
    "@ckeditor/ckeditor5-utils" "39.0.2"

"@ckeditor/ckeditor5-utils@39.0.2":
  version "39.0.2"
  resolved "https://registry.yarnpkg.com/@ckeditor/ckeditor5-utils/-/ckeditor5-utils-39.0.2.tgz#64c0d88ec6354a38ddb86d51341f2d33eb6a8d46"
  integrity sha512-aqiGhPJxEihSLW21lGWcAvjVTTwJYxEbfMk1eLf/BEY3euy6iltRC6EqbXkyJDcKGU7cQtk6JXAIkH+D2FF87g==
  dependencies:
    lodash-es "4.17.21"

"@ckeditor/ckeditor5-watchdog@39.0.2":
  version "39.0.2"
  resolved "https://registry.yarnpkg.com/@ckeditor/ckeditor5-watchdog/-/ckeditor5-watchdog-39.0.2.tgz#a8a15b1615f372ee9878405877154943f93a272a"
  integrity sha512-9E7BNp9c+nj/01JWF4lBVcDwJI2lN/Vgerw+ex4l/nTRl7crLzckSy3DWhYlpQPjJzsrkFjGQ+zCG4C/Vevl3Q==
  dependencies:
    lodash-es "4.17.21"

"@ckeditor/ckeditor5-widget@39.0.2":
  version "39.0.2"
  resolved "https://registry.yarnpkg.com/@ckeditor/ckeditor5-widget/-/ckeditor5-widget-39.0.2.tgz#f7e8f278f64be6efe35bc0c5205b62eec23bc584"
  integrity sha512-bGs8iKD3c+r3/JCqhXoh/MPJut0JcdUdxDSgS+xYu1UJ03b/K39/0QbdVjT1I6oNRSDb4IUwBO2Xc3zTMl/qTw==
  dependencies:
    "@ckeditor/ckeditor5-core" "39.0.2"
    "@ckeditor/ckeditor5-engine" "39.0.2"
    "@ckeditor/ckeditor5-enter" "39.0.2"
    "@ckeditor/ckeditor5-typing" "39.0.2"
    "@ckeditor/ckeditor5-ui" "39.0.2"
    "@ckeditor/ckeditor5-utils" "39.0.2"
    lodash-es "4.17.21"

"@ckeditor/ckeditor5-word-count@^39.0.2":
  version "39.0.2"
  resolved "https://registry.yarnpkg.com/@ckeditor/ckeditor5-word-count/-/ckeditor5-word-count-39.0.2.tgz#3c5df9b017077e7af9cf4470162e4812059500b2"
  integrity sha512-eKXSEEU+SkIgD8Sezj7Lzt8pX1XLkDgMfMGU2LoIB5BXChlV2mR6Zuz9Au2uzkrWmUxTerjtgIrpQZBtrMSeFQ==
  dependencies:
    ckeditor5 "39.0.2"
    lodash-es "4.17.21"

"@reinmar/ckeditor5-maximum-length@^0.0.1":
  version "0.0.1"
  resolved "https://registry.yarnpkg.com/@reinmar/ckeditor5-maximum-length/-/ckeditor5-maximum-length-0.0.1.tgz#6097a7d73fa2a5b2b4ca61212459225b84f59ee5"
  integrity sha512-w03YHqYPWFzwCc3OzrwfwL1NkL9KQ194yiEdQ0YWNdm0PBkoZVlSiVyfShe0TwxoJlgbuRvPjPBhUR3q1tUtkA==
  dependencies:
    ckeditor5 ">=35.1.0"

"@tootallnate/once@1":
  version "1.1.2"
  resolved "https://registry.yarnpkg.com/@tootallnate/once/-/once-1.1.2.tgz#ccb91445360179a04e7fe6aff78c00ffc1eeaf82"
  integrity sha512-RbzJvlNzmRq5c3O09UipeuXno4tA1FE6ikOjxZK0tuxVv3412l64l5t1W5pj4+rJq9vpkm/kwiR07aZXnsKPxw==

abab@^2.0.3, abab@^2.0.5:
  version "2.0.6"
  resolved "https://registry.yarnpkg.com/abab/-/abab-2.0.6.tgz#41b80f2c871d19686216b82309231cfd3cb3d291"
  integrity sha512-j2afSsaIENvHZN2B8GOpF566vZ5WVk5opAiMTvWgaQT8DkbOqsTfvNAvHoRGU2zzP8cPoqys+xHTRDWW8L+/BA==

acorn-globals@^6.0.0:
  version "6.0.0"
  resolved "https://registry.yarnpkg.com/acorn-globals/-/acorn-globals-6.0.0.tgz#46cdd39f0f8ff08a876619b55f5ac8a6dc770b45"
  integrity sha512-ZQl7LOWaF5ePqqcX4hLuv/bLXYQNfNWw2c0/yX/TsPRKamzHcTGQnlCjHT3TsmkOUVEPS3crCxiPfdzE/Trlhg==
  dependencies:
    acorn "^7.1.1"
    acorn-walk "^7.1.1"

acorn-walk@^7.1.1:
  version "7.2.0"
  resolved "https://registry.yarnpkg.com/acorn-walk/-/acorn-walk-7.2.0.tgz#0de889a601203909b0fbe07b8938dc21d2e967bc"
  integrity sha512-OPdCF6GsMIP+Az+aWfAAOEt2/+iVDKE7oy6lJ098aoe59oAmK76qV6Gw60SbZ8jHuG2wH058GF4pLFbYamYrVA==

acorn@^7.1.1:
  version "7.4.1"
  resolved "https://registry.yarnpkg.com/acorn/-/acorn-7.4.1.tgz#feaed255973d2e77555b83dbc08851a6c63520fa"
  integrity sha512-nQyp0o1/mNdbTO1PO6kHkwSrmgZ0MT/jCCpNiwbUjGoRN4dlBhqJtoQuCnEOKzgTVwg0ZWiCoQy6SxMebQVh8A==

acorn@^8.2.4:
  version "8.10.0"
  resolved "https://registry.yarnpkg.com/acorn/-/acorn-8.10.0.tgz#8be5b3907a67221a81ab23c7889c4c5526b62ec5"
  integrity sha512-F0SAmZ8iUtS//m8DmCTA0jlh6TDKkHQyK6xc6V4KDTyZKA9dnvX9/3sRTVQrWm79glUAZbnmmNcdYwUIHWVybw==

agent-base@6:
  version "6.0.2"
  resolved "https://registry.yarnpkg.com/agent-base/-/agent-base-6.0.2.tgz#49fff58577cfee3f37176feab4c22e00f86d7f77"
  integrity sha512-RZNwNclF7+MS/8bDg70amg32dyeZGZxiDuQmZxKLAlQjr3jGyLx+4Kkk58UO7D2QdgFIQCovuSuZESne6RG6XQ==
  dependencies:
    debug "4"

asynckit@^0.4.0:
  version "0.4.0"
  resolved "https://registry.yarnpkg.com/asynckit/-/asynckit-0.4.0.tgz#c79ed97f7f34cb8f2ba1bc9790bcc366474b4b79"
  integrity sha512-Oei9OH4tRh0YqU3GxhX79dM/mwVgvbZJaSNaRk+bshkj0S5cfHcgYakreBjrHwatXKbz+IoIdYLxrKim2MjW0Q==

browser-process-hrtime@^1.0.0:
  version "1.0.0"
  resolved "https://registry.yarnpkg.com/browser-process-hrtime/-/browser-process-hrtime-1.0.0.tgz#3c9b4b7d782c8121e56f10106d84c0d0ffc94626"
  integrity sha512-9o5UecI3GhkpM6DrXr69PblIuWxPKk9Y0jHBRhdocZ2y7YECBFCsHm79Pr3OyR2AvjhDkabFJaDJMYRazHgsow==

ckeditor5@39.0.2, ckeditor5@>=35.1.0, ckeditor5@^39.0.2:
  version "39.0.2"
  resolved "https://registry.yarnpkg.com/ckeditor5/-/ckeditor5-39.0.2.tgz#29a1429b440ac548f5d73b8870a0a143fceb36d5"
  integrity sha512-7wuhb5LYeAZ9PaEZlNNAOnfDLWozt3+tOdc1St7AYR4PO1UW/5crWHvs+6jejxB56Zk6LUaHUS6ECecdapihmA==
  dependencies:
    "@ckeditor/ckeditor5-clipboard" "39.0.2"
    "@ckeditor/ckeditor5-core" "39.0.2"
    "@ckeditor/ckeditor5-engine" "39.0.2"
    "@ckeditor/ckeditor5-enter" "39.0.2"
    "@ckeditor/ckeditor5-paragraph" "39.0.2"
    "@ckeditor/ckeditor5-select-all" "39.0.2"
    "@ckeditor/ckeditor5-typing" "39.0.2"
    "@ckeditor/ckeditor5-ui" "39.0.2"
    "@ckeditor/ckeditor5-undo" "39.0.2"
    "@ckeditor/ckeditor5-upload" "39.0.2"
    "@ckeditor/ckeditor5-utils" "39.0.2"
    "@ckeditor/ckeditor5-watchdog" "39.0.2"
    "@ckeditor/ckeditor5-widget" "39.0.2"

color-convert@2.0.1:
  version "2.0.1"
  resolved "https://registry.yarnpkg.com/color-convert/-/color-convert-2.0.1.tgz#72d3a68d598c9bdb3af2ad1e84f21d896abd4de3"
  integrity sha512-RRECPsj7iu/xb5oKYcsFHSppFNnsj/52OVTRKb4zP5onXwVF3zVmmToNcOfGC+CRDpfK/U584fMg38ZHCaElKQ==
  dependencies:
    color-name "~1.1.4"

color-name@^1.0.0, color-name@~1.1.4:
  version "1.1.4"
  resolved "https://registry.yarnpkg.com/color-name/-/color-name-1.1.4.tgz#c2a09a87acbde69543de6f63fa3995c826c536a2"
  integrity sha512-dOy+3AuW3a2wNbZHIuMZpTcgjGuLU/uBL/ubcZF9OXbDo8ff4O8yVp5Bf0efS8uEoYo5q4Fx7dY9OgQGXgAsQA==

color-parse@1.4.2:
  version "1.4.2"
  resolved "https://registry.yarnpkg.com/color-parse/-/color-parse-1.4.2.tgz#78651f5d34df1a57f997643d86f7f87268ad4eb5"
  integrity sha512-RI7s49/8yqDj3fECFZjUI1Yi0z/Gq1py43oNJivAIIDSyJiOZLfYCRQEgn8HEVAj++PcRe8AnL2XF0fRJ3BTnA==
  dependencies:
    color-name "^1.0.0"

combined-stream@^1.0.8:
  version "1.0.8"
  resolved "https://registry.yarnpkg.com/combined-stream/-/combined-stream-1.0.8.tgz#c3d45a8b34fd730631a110a8a2520682b31d5a7f"
  integrity sha512-FQN4MRfuJeHf7cBbBMJFXhKSDq+2kAArBlmRBvcvFE5BB1HZKXtSFASDhdlz9zOYwxh8lDdnvmMOe/+5cdoEdg==
  dependencies:
    delayed-stream "~1.0.0"

cssom@^0.4.4:
  version "0.4.4"
  resolved "https://registry.yarnpkg.com/cssom/-/cssom-0.4.4.tgz#5a66cf93d2d0b661d80bf6a44fb65f5c2e4e0a10"
  integrity sha512-p3pvU7r1MyyqbTk+WbNJIgJjG2VmTIaB10rI93LzVPrmDJKkzKYMtxxyAvQXR/NS6otuzveI7+7BBq3SjBS2mw==

cssom@~0.3.6:
  version "0.3.8"
  resolved "https://registry.yarnpkg.com/cssom/-/cssom-0.3.8.tgz#9f1276f5b2b463f2114d3f2c75250af8c1a36f4a"
  integrity sha512-b0tGHbfegbhPJpxpiBPU2sCkigAqtM9O121le6bbOlgyV+NyGyCmVfJ6QW9eRjz8CpNfWEOYBIMIGRYkLwsIYg==

cssstyle@^2.3.0:
  version "2.3.0"
  resolved "https://registry.yarnpkg.com/cssstyle/-/cssstyle-2.3.0.tgz#ff665a0ddbdc31864b09647f34163443d90b0852"
  integrity sha512-AZL67abkUzIuvcHqk7c09cezpGNcxUxU4Ioi/05xHk4DQeTkWmGYftIE6ctU6AEt+Gn4n1lDStOtj7FKycP71A==
  dependencies:
    cssom "~0.3.6"

data-urls@^2.0.0:
  version "2.0.0"
  resolved "https://registry.yarnpkg.com/data-urls/-/data-urls-2.0.0.tgz#156485a72963a970f5d5821aaf642bef2bf2db9b"
  integrity sha512-X5eWTSXO/BJmpdIKCRuKUgSCgAN0OwliVK3yPKbwIWU1Tdw5BRajxlzMidvh+gwko9AfQ9zIj52pzF91Q3YAvQ==
  dependencies:
    abab "^2.0.3"
    whatwg-mimetype "^2.3.0"
    whatwg-url "^8.0.0"

debug@4:
  version "4.3.4"
  resolved "https://registry.yarnpkg.com/debug/-/debug-4.3.4.tgz#1319f6579357f2338d3337d2cdd4914bb5dcc865"
  integrity sha512-PRWFHuSU3eDtQJPvnNY7Jcket1j0t5OuOsFzPPzsekD52Zl8qUfFIPEiswXqIvHWGVHOgX+7G/vCNNhehwxfkQ==
  dependencies:
    ms "2.1.2"

decimal.js@^10.2.1:
  version "10.4.3"
  resolved "https://registry.yarnpkg.com/decimal.js/-/decimal.js-10.4.3.tgz#1044092884d245d1b7f65725fa4ad4c6f781cc23"
  integrity sha512-VBBaLc1MgL5XpzgIP7ny5Z6Nx3UrRkIViUkPUdtl9aya5amy3De1gsUUSB1g3+3sExYNjCAsAznmukyxCb1GRA==

delayed-stream@~1.0.0:
  version "1.0.0"
  resolved "https://registry.yarnpkg.com/delayed-stream/-/delayed-stream-1.0.0.tgz#df3ae199acadfb7d440aaae0b29e2272b24ec619"
  integrity sha512-ZySD7Nf91aLB0RxL4KGrKHBXl7Eds1DAmEdcoVawXnLD7SDhpNgtuII2aAkg7a7QS41jxPSZ17p4VdGnMHk3MQ==

domexception@^2.0.1:
  version "2.0.1"
  resolved "https://registry.yarnpkg.com/domexception/-/domexception-2.0.1.tgz#fb44aefba793e1574b0af6aed2801d057529f304"
  integrity sha512-yxJ2mFy/sibVQlu5qHjOkf9J3K6zgmCxgJ94u2EdvDOV09H+32LtRswEcUsmUWN72pVLOEnTSRaIVVzVQgS0dg==
  dependencies:
    webidl-conversions "^5.0.0"

escodegen@^2.0.0:
  version "2.1.0"
  resolved "https://registry.yarnpkg.com/escodegen/-/escodegen-2.1.0.tgz#ba93bbb7a43986d29d6041f99f5262da773e2e17"
  integrity sha512-2NlIDTwUWJN0mRPQOdtQBzbUHvdGY2P1VXSyU83Q3xKxM7WHX2Ql8dKq782Q9TgQUNOLEzEYu9bzLNj1q88I5w==
  dependencies:
    esprima "^4.0.1"
    estraverse "^5.2.0"
    esutils "^2.0.2"
  optionalDependencies:
    source-map "~0.6.1"

esprima@^4.0.1:
  version "4.0.1"
  resolved "https://registry.yarnpkg.com/esprima/-/esprima-4.0.1.tgz#13b04cdb3e6c5d19df91ab6987a8695619b0aa71"
  integrity sha512-eGuFFw7Upda+g4p+QHvnW0RyTX/SVeJBDM/gCtMARO0cLuT2HcEKnTPvhjV6aGeqrCB/sbNop0Kszm0jsaWU4A==

estraverse@^5.2.0:
  version "5.3.0"
  resolved "https://registry.yarnpkg.com/estraverse/-/estraverse-5.3.0.tgz#2eea5290702f26ab8fe5370370ff86c965d21123"
  integrity sha512-MMdARuVEQziNTeJD8DgMqmhwR11BRQ/cBP+pLtYdSTnf3MIO8fFeiINEbX36ZdNlfU/7A9f3gUw49B3oQsvwBA==

esutils@^2.0.2:
  version "2.0.3"
  resolved "https://registry.yarnpkg.com/esutils/-/esutils-2.0.3.tgz#74d2eb4de0b8da1293711910d50775b9b710ef64"
  integrity sha512-kVscqXk4OCp68SZ0dkgEKVi6/8ij300KBWTJq32P/dYeWTSwK41WyTxalN1eRmA5Z9UU/LX9D7FWSmV9SAYx6g==

form-data@^3.0.0:
  version "3.0.1"
  resolved "https://registry.yarnpkg.com/form-data/-/form-data-3.0.1.tgz#ebd53791b78356a99af9a300d4282c4d5eb9755f"
  integrity sha512-RHkBKtLWUVwd7SqRIvCZMEvAMoGUp0XU+seQiZejj0COz3RI3hWP4sCv3gZWWLjJTd7rGwcsF5eKZGii0r/hbg==
  dependencies:
    asynckit "^0.4.0"
    combined-stream "^1.0.8"
    mime-types "^2.1.12"

html-encoding-sniffer@^2.0.1:
  version "2.0.1"
  resolved "https://registry.yarnpkg.com/html-encoding-sniffer/-/html-encoding-sniffer-2.0.1.tgz#42a6dc4fd33f00281176e8b23759ca4e4fa185f3"
  integrity sha512-D5JbOMBIR/TVZkubHT+OyT2705QvogUW4IBn6nHd756OwieSF9aDYFj4dv6HHEVGYbHaLETa3WggZYWWMyy3ZQ==
  dependencies:
    whatwg-encoding "^1.0.5"

http-proxy-agent@^4.0.1:
  version "4.0.1"
  resolved "https://registry.yarnpkg.com/http-proxy-agent/-/http-proxy-agent-4.0.1.tgz#8a8c8ef7f5932ccf953c296ca8291b95aa74aa3a"
  integrity sha512-k0zdNgqWTGA6aeIRVpvfVob4fL52dTfaehylg0Y4UvSySvOq/Y+BOyPrgpUrA7HylqvU8vIZGsRuXmspskV0Tg==
  dependencies:
    "@tootallnate/once" "1"
    agent-base "6"
    debug "4"

https-proxy-agent@^5.0.0:
  version "5.0.1"
  resolved "https://registry.yarnpkg.com/https-proxy-agent/-/https-proxy-agent-5.0.1.tgz#c59ef224a04fe8b754f3db0063a25ea30d0005d6"
  integrity sha512-dFcAjpTQFgoLMzC2VwU+C/CbS7uRL0lWmxDITmqm7C+7F0Odmj6s9l6alZc6AELXhrnggM2CeWSXHGOdX2YtwA==
  dependencies:
    agent-base "6"
    debug "4"

iconv-lite@0.4.24:
  version "0.4.24"
  resolved "https://registry.yarnpkg.com/iconv-lite/-/iconv-lite-0.4.24.tgz#2022b4b25fbddc21d2f524974a474aafe733908b"
  integrity sha512-v3MXnZAcvnywkTUEZomIActle7RXXeedOR31wwl7VlyoXO4Qi9arvSenNQWne1TcRwhCL1HwLI21bEqdpj8/rA==
  dependencies:
    safer-buffer ">= 2.1.2 < 3"

is-potential-custom-element-name@^1.0.1:
  version "1.0.1"
  resolved "https://registry.yarnpkg.com/is-potential-custom-element-name/-/is-potential-custom-element-name-1.0.1.tgz#171ed6f19e3ac554394edf78caa05784a45bebb5"
  integrity sha512-bCYeRA2rVibKZd+s2625gGnGF/t7DSqDs4dP7CrLA1m7jKWz6pps0LpYLJN8Q64HtmPKJ1hrN3nzPNKFEKOUiQ==

"js-tokens@^3.0.0 || ^4.0.0":
  version "4.0.0"
  resolved "https://registry.yarnpkg.com/js-tokens/-/js-tokens-4.0.0.tgz#19203fb59991df98e3a287050d4647cdeaf32499"
  integrity sha512-RdJUflcE3cUzKiMqQgsCu06FPu9UdIJO0beYbPhHN4k6apgJtifcoCtT9bcxOpYBtpD2kCM6Sbzg4CausW/PKQ==

jsdom@^16.2.0:
  version "16.7.0"
  resolved "https://registry.yarnpkg.com/jsdom/-/jsdom-16.7.0.tgz#918ae71965424b197c819f8183a754e18977b710"
  integrity sha512-u9Smc2G1USStM+s/x1ru5Sxrl6mPYCbByG1U/hUmqaVsm4tbNyS7CicOSRyuGQYZhTu0h84qkZZQ/I+dzizSVw==
  dependencies:
    abab "^2.0.5"
    acorn "^8.2.4"
    acorn-globals "^6.0.0"
    cssom "^0.4.4"
    cssstyle "^2.3.0"
    data-urls "^2.0.0"
    decimal.js "^10.2.1"
    domexception "^2.0.1"
    escodegen "^2.0.0"
    form-data "^3.0.0"
    html-encoding-sniffer "^2.0.1"
    http-proxy-agent "^4.0.1"
    https-proxy-agent "^5.0.0"
    is-potential-custom-element-name "^1.0.1"
    nwsapi "^2.2.0"
    parse5 "6.0.1"
    saxes "^5.0.1"
    symbol-tree "^3.2.4"
    tough-cookie "^4.0.0"
    w3c-hr-time "^1.0.2"
    w3c-xmlserializer "^2.0.0"
    webidl-conversions "^6.1.0"
    whatwg-encoding "^1.0.5"
    whatwg-mimetype "^2.3.0"
    whatwg-url "^8.5.0"
    ws "^7.4.6"
    xml-name-validator "^3.0.0"

lodash-es@4.17.21:
  version "4.17.21"
  resolved "https://registry.yarnpkg.com/lodash-es/-/lodash-es-4.17.21.tgz#43e626c46e6591b7750beb2b50117390c609e3ee"
  integrity sha512-mKnC+QJ9pWVzv+C4/U3rRsHapFfHvQFoFB92e52xeyGMcX6/OlIl78je1u8vePzYZSkkogMPJ2yjxxsb89cxyw==

lodash@^4.7.0:
  version "4.17.21"
  resolved "https://registry.yarnpkg.com/lodash/-/lodash-4.17.21.tgz#679591c564c3bffaae8454cf0b3df370c3d6911c"
  integrity sha512-v2kDEe57lecTulaDIuNTPy3Ry4gLGJ6Z1O3vE1krgXZNrsQ+LFTGHVxVjcXPs17LhbZVGedAJv8XZ1tvj5FvSg==

loose-envify@^1.4.0:
  version "1.4.0"
  resolved "https://registry.yarnpkg.com/loose-envify/-/loose-envify-1.4.0.tgz#71ee51fa7be4caec1a63839f7e682d8132d30caf"
  integrity sha512-lyuxPGr/Wfhrlem2CL/UcnUc1zcqKAImBDzukY7Y5F/yQiNdko6+fRLevlw1HgMySw7f611UIY408EtxRSoK3Q==
  dependencies:
    js-tokens "^3.0.0 || ^4.0.0"

marked@4.0.12:
  version "4.0.12"
  resolved "https://registry.yarnpkg.com/marked/-/marked-4.0.12.tgz#2262a4e6fd1afd2f13557726238b69a48b982f7d"
  integrity sha512-hgibXWrEDNBWgGiK18j/4lkS6ihTe9sxtV4Q1OQppb/0zzyPSzoFANBa5MfsG/zgsWklmNnhm0XACZOH/0HBiQ==

mime-db@1.52.0:
  version "1.52.0"
  resolved "https://registry.yarnpkg.com/mime-db/-/mime-db-1.52.0.tgz#bbabcdc02859f4987301c856e3387ce5ec43bf70"
  integrity sha512-sPU4uV7dYlvtWJxwwxHD0PuihVNiE7TyAbQ5SWxDCB9mUYvOgroQOwYQQOKPJ8CIbE+1ETVlOoK1UC2nU3gYvg==

mime-types@^2.1.12:
  version "2.1.35"
  resolved "https://registry.yarnpkg.com/mime-types/-/mime-types-2.1.35.tgz#381a871b62a734450660ae3deee44813f70d959a"
  integrity sha512-ZDY+bPm5zTTF+YpCrAU9nK0UgICYPT0QtT1NZWFv4s++TNkcgVaT0g6+4R2uI4MjQjzysHB1zxuWL50hzaeXiw==
  dependencies:
    mime-db "1.52.0"

ms@2.1.2:
  version "2.1.2"
  resolved "https://registry.yarnpkg.com/ms/-/ms-2.1.2.tgz#d09d1f357b443f493382a8eb3ccd183872ae6009"
  integrity sha512-sGkPx+VjMtmA6MX27oA4FBFELFCZZ4S4XqeGOXCv68tT+jb3vk/RyaKWP0PTKyWtmLSM0b+adUTEvbs1PEaH2w==

nwsapi@^2.2.0:
  version "2.2.7"
  resolved "https://registry.yarnpkg.com/nwsapi/-/nwsapi-2.2.7.tgz#738e0707d3128cb750dddcfe90e4610482df0f30"
  integrity sha512-ub5E4+FBPKwAZx0UwIQOjYWGHTEq5sPqHQNRN8Z9e4A7u3Tj1weLJsL59yH9vmvqEtBHaOmT6cYQKIZOxp35FQ==

object-assign@^4.1.1:
  version "4.1.1"
  resolved "https://registry.yarnpkg.com/object-assign/-/object-assign-4.1.1.tgz#2109adc7965887cfc05cbbd442cac8bfbb360863"
  integrity sha512-rJgTQnkUnH1sFw8yT6VSU3zD3sWmu6sZhIseY8VX+GRu3P6F7Fu+JNDoXfklElbLJSnc3FUQHVe4cU5hj+BcUg==

parse5@6.0.1:
  version "6.0.1"
  resolved "https://registry.yarnpkg.com/parse5/-/parse5-6.0.1.tgz#e1a1c085c569b3dc08321184f19a39cc27f7c30b"
  integrity sha512-Ofn/CTFzRGTTxwpNEs9PP93gXShHcTq255nzRYSKe8AkVpZY7e1fpmTfOyoIvjP5HG7Z2ZM7VS9PPhQGW2pOpw==

prop-types@^15.7.2:
  version "15.8.1"
  resolved "https://registry.yarnpkg.com/prop-types/-/prop-types-15.8.1.tgz#67d87bf1a694f48435cf332c24af10214a3140b5"
  integrity sha512-oj87CgZICdulUohogVAR7AjlC0327U4el4L6eAvOqCeudMDVU0NThNaV+b9Df4dXgSP1gXMTnPdhfe/2qDH5cg==
  dependencies:
    loose-envify "^1.4.0"
    object-assign "^4.1.1"
    react-is "^16.13.1"

psl@^1.1.33:
  version "1.9.0"
  resolved "https://registry.yarnpkg.com/psl/-/psl-1.9.0.tgz#d0df2a137f00794565fcaf3b2c00cd09f8d5a5a7"
  integrity sha512-E/ZsdU4HLs/68gYzgGTkMicWTLPdAftJLfJFlLUAAKZGkStNU72sZjT66SnMDVOfOWY/YAoiD7Jxa9iHvngcag==

punycode@^2.1.1:
  version "2.3.0"
  resolved "https://registry.yarnpkg.com/punycode/-/punycode-2.3.0.tgz#f67fa67c94da8f4d0cfff981aee4118064199b8f"
  integrity sha512-rRV+zQD8tVFys26lAGR9WUuS4iUAngJScM+ZRSKtvl5tKeZ2t5bvdNFdNHBW9FWR4guGHlgmsZ1G7BSm2wTbuA==

querystringify@^2.1.1:
  version "2.2.0"
  resolved "https://registry.yarnpkg.com/querystringify/-/querystringify-2.2.0.tgz#3345941b4153cb9d082d8eee4cda2016a9aef7f6"
  integrity sha512-FIqgj2EUvTa7R50u0rGsyTftzjYmv/a3hO345bZNrqabNqjtgiDMgmo4mkUjd+nzU5oF3dClKqFIPUKybUyqoQ==

react-is@^16.13.1:
  version "16.13.1"
  resolved "https://registry.yarnpkg.com/react-is/-/react-is-16.13.1.tgz#789729a4dc36de2999dc156dd6c1d9c18cea56a4"
  integrity sha512-24e6ynE2H+OKt4kqsOvNd8kBpV65zoxbA4BVsEOB3ARVWQki/DHzaUoC5KuON/BiccDaCCTZBuOcfZs70kR8bQ==

requires-port@^1.0.0:
  version "1.0.0"
  resolved "https://registry.yarnpkg.com/requires-port/-/requires-port-1.0.0.tgz#925d2601d39ac485e091cf0da5c6e694dc3dcaff"
  integrity sha512-KigOCHcocU3XODJxsu8i/j8T9tzT4adHiecwORRQ0ZZFcp7ahwXuRU1m+yuO90C5ZUyGeGfocHDI14M3L3yDAQ==

"safer-buffer@>= 2.1.2 < 3":
  version "2.1.2"
  resolved "https://registry.yarnpkg.com/safer-buffer/-/safer-buffer-2.1.2.tgz#44fa161b0187b9549dd84bb91802f9bd8385cd6a"
  integrity sha512-YZo3K82SD7Riyi0E1EQPojLz7kpepnSQI9IyPbHHg1XXXevb5dJI7tpyN2ADxGcQbHG7vcyRHk0cbwqcQriUtg==

saxes@^5.0.1:
  version "5.0.1"
  resolved "https://registry.yarnpkg.com/saxes/-/saxes-5.0.1.tgz#eebab953fa3b7608dbe94e5dadb15c888fa6696d"
  integrity sha512-5LBh1Tls8c9xgGjw3QrMwETmTMVk0oFgvrFSvWx62llR2hcEInrKNZ2GZCCuuy2lvWrdl5jhbpeqc5hRYKFOcw==
  dependencies:
    xmlchars "^2.2.0"

source-map@~0.6.1:
  version "0.6.1"
  resolved "https://registry.yarnpkg.com/source-map/-/source-map-0.6.1.tgz#74722af32e9614e9c287a8d0bbde48b5e2f1a263"
  integrity sha512-UjgapumWlbMhkBgzT7Ykc5YXUT46F0iKu8SGXq0bcwP5dz/h0Plj6enJqjz1Zbq2l5WaqYnrVbwWOWMyF3F47g==

symbol-tree@^3.2.4:
  version "3.2.4"
  resolved "https://registry.yarnpkg.com/symbol-tree/-/symbol-tree-3.2.4.tgz#430637d248ba77e078883951fb9aa0eed7c63fa2"
  integrity sha512-9QNk5KwDF+Bvz+PyObkmSYjI5ksVUYtjW7AU22r2NKcfLJcXp96hkDWU3+XndOsUb+AQ9QhfzfCT2O+CNWT5Tw==

tough-cookie@^4.0.0:
  version "4.1.3"
  resolved "https://registry.yarnpkg.com/tough-cookie/-/tough-cookie-4.1.3.tgz#97b9adb0728b42280aa3d814b6b999b2ff0318bf"
  integrity sha512-aX/y5pVRkfRnfmuX+OdbSdXvPe6ieKX/G2s7e98f4poJHnqH3281gDPm/metm6E/WRamfx7WC4HUqkWHfQHprw==
  dependencies:
    psl "^1.1.33"
    punycode "^2.1.1"
    universalify "^0.2.0"
    url-parse "^1.5.3"

tr46@^2.1.0:
  version "2.1.0"
  resolved "https://registry.yarnpkg.com/tr46/-/tr46-2.1.0.tgz#fa87aa81ca5d5941da8cbf1f9b749dc969a4e240"
  integrity sha512-15Ih7phfcdP5YxqiB+iDtLoaTz4Nd35+IiAv0kQ5FNKHzXgdWqPoTIqEDDJmXceQt4JZk6lVPT8lnDlPpGDppw==
  dependencies:
    punycode "^2.1.1"

turndown-plugin-gfm@1.0.2:
  version "1.0.2"
  resolved "https://registry.yarnpkg.com/turndown-plugin-gfm/-/turndown-plugin-gfm-1.0.2.tgz#6f8678a361f35220b2bdf5619e6049add75bf1c7"
  integrity sha512-vwz9tfvF7XN/jE0dGoBei3FXWuvll78ohzCZQuOb+ZjWrs3a0XhQVomJEb2Qh4VHTPNRO4GPZh0V7VRbiWwkRg==

turndown@6.0.0:
  version "6.0.0"
  resolved "https://registry.yarnpkg.com/turndown/-/turndown-6.0.0.tgz#c083d6109a9366be1b84b86b20af09140ea4b413"
  integrity sha512-UVJBhSyRHCpNKtQ00mNWlYUM/i+tcipkb++F0PrOpt0L7EhNd0AX9mWEpL2dRFBu7LWXMp4HgAMA4OeKKnN7og==
  dependencies:
    jsdom "^16.2.0"

universalify@^0.2.0:
  version "0.2.0"
  resolved "https://registry.yarnpkg.com/universalify/-/universalify-0.2.0.tgz#6451760566fa857534745ab1dde952d1b1761be0"
  integrity sha512-CJ1QgKmNg3CwvAv/kOFmtnEN05f0D/cn9QntgNOQlQF9dgvVTHj3t+8JPdjqawCHk7V/KA+fbUqzZ9XWhcqPUg==

url-parse@^1.5.3:
  version "1.5.10"
  resolved "https://registry.yarnpkg.com/url-parse/-/url-parse-1.5.10.tgz#9d3c2f736c1d75dd3bd2be507dcc111f1e2ea9c1"
  integrity sha512-WypcfiRhfeUP9vvF0j6rw0J3hrWrw6iZv3+22h6iRMJ/8z1Tj6XfLP4DsUix5MhMPnXpiHDoKyoZ/bdCkwBCiQ==
  dependencies:
    querystringify "^2.1.1"
    requires-port "^1.0.0"

vanilla-colorful@0.7.2:
  version "0.7.2"
  resolved "https://registry.yarnpkg.com/vanilla-colorful/-/vanilla-colorful-0.7.2.tgz#3fb1f4b9f15b797e20fd1ce8e0364f33b073f4a2"
  integrity sha512-z2YZusTFC6KnLERx1cgoIRX2CjPRP0W75N+3CC6gbvdX5Ch47rZkEMGO2Xnf+IEmi3RiFLxS18gayMA27iU7Kg==

w3c-hr-time@^1.0.2:
  version "1.0.2"
  resolved "https://registry.yarnpkg.com/w3c-hr-time/-/w3c-hr-time-1.0.2.tgz#0a89cdf5cc15822df9c360543676963e0cc308cd"
  integrity sha512-z8P5DvDNjKDoFIHK7q8r8lackT6l+jo/Ye3HOle7l9nICP9lf1Ci25fy9vHd0JOWewkIFzXIEig3TdKT7JQ5fQ==
  dependencies:
    browser-process-hrtime "^1.0.0"

w3c-xmlserializer@^2.0.0:
  version "2.0.0"
  resolved "https://registry.yarnpkg.com/w3c-xmlserializer/-/w3c-xmlserializer-2.0.0.tgz#3e7104a05b75146cc60f564380b7f683acf1020a"
  integrity sha512-4tzD0mF8iSiMiNs30BiLO3EpfGLZUT2MSX/G+o7ZywDzliWQ3OPtTZ0PTC3B3ca1UAf4cJMHB+2Bf56EriJuRA==
  dependencies:
    xml-name-validator "^3.0.0"

webidl-conversions@^5.0.0:
  version "5.0.0"
  resolved "https://registry.yarnpkg.com/webidl-conversions/-/webidl-conversions-5.0.0.tgz#ae59c8a00b121543a2acc65c0434f57b0fc11aff"
  integrity sha512-VlZwKPCkYKxQgeSbH5EyngOmRp7Ww7I9rQLERETtf5ofd9pGeswWiOtogpEO850jziPRarreGxn5QIiTqpb2wA==

webidl-conversions@^6.1.0:
  version "6.1.0"
  resolved "https://registry.yarnpkg.com/webidl-conversions/-/webidl-conversions-6.1.0.tgz#9111b4d7ea80acd40f5270d666621afa78b69514"
  integrity sha512-qBIvFLGiBpLjfwmYAaHPXsn+ho5xZnGvyGvsarywGNc8VyQJUMHJ8OBKGGrPER0okBeMDaan4mNBlgBROxuI8w==

whatwg-encoding@^1.0.5:
  version "1.0.5"
  resolved "https://registry.yarnpkg.com/whatwg-encoding/-/whatwg-encoding-1.0.5.tgz#5abacf777c32166a51d085d6b4f3e7d27113ddb0"
  integrity sha512-b5lim54JOPN9HtzvK9HFXvBma/rnfFeqsic0hSpjtDbVxR3dJKLc+KB4V6GgiGOvl7CY/KNh8rxSo9DKQrnUEw==
  dependencies:
    iconv-lite "0.4.24"

whatwg-mimetype@^2.3.0:
  version "2.3.0"
  resolved "https://registry.yarnpkg.com/whatwg-mimetype/-/whatwg-mimetype-2.3.0.tgz#3d4b1e0312d2079879f826aff18dbeeca5960fbf"
  integrity sha512-M4yMwr6mAnQz76TbJm914+gPpB/nCwvZbJU28cUD6dR004SAxDLOOSUaB1JDRqLtaOV/vi0IC5lEAGFgrjGv/g==

whatwg-url@^8.0.0, whatwg-url@^8.5.0:
  version "8.7.0"
  resolved "https://registry.yarnpkg.com/whatwg-url/-/whatwg-url-8.7.0.tgz#656a78e510ff8f3937bc0bcbe9f5c0ac35941b77"
  integrity sha512-gAojqb/m9Q8a5IV96E3fHJM70AzCkgt4uXYX2O7EmuyOnLrViCQlsEBmF9UQIu3/aeAIp2U17rtbpZWNntQqdg==
  dependencies:
    lodash "^4.7.0"
    tr46 "^2.1.0"
    webidl-conversions "^6.1.0"

ws@^7.4.6:
  version "7.5.9"
  resolved "https://registry.yarnpkg.com/ws/-/ws-7.5.9.tgz#54fa7db29f4c7cec68b1ddd3a89de099942bb591"
  integrity sha512-F+P9Jil7UiSKSkppIiD94dN07AwvFixvLIj1Og1Rl9GGMuNipJnV9JzjD6XuqmAeiswGvUmNLjr5cFuXwNS77Q==

xml-name-validator@^3.0.0:
  version "3.0.0"
  resolved "https://registry.yarnpkg.com/xml-name-validator/-/xml-name-validator-3.0.0.tgz#6ae73e06de4d8c6e47f9fb181f78d648ad457c6a"
  integrity sha512-A5CUptxDsvxKJEU3yO6DuWBSJz/qizqzJKOMIfUJHETbBw/sFaDxgd6fxm1ewUaM0jZ444Fc5vC5ROYurg/4Pw==

xmlchars@^2.2.0:
  version "2.2.0"
  resolved "https://registry.yarnpkg.com/xmlchars/-/xmlchars-2.2.0.tgz#060fe1bcb7f9c76fe2a17db86a9bc3ab894210cb"
  integrity sha512-JZnDKK8B0RCDw84FNdDAIpZK+JuJw+s7Lz8nksI7SIuU3UXJJslUthsi+uWBUYOwPFwW7W7PRLRfUKpxjtjFCw==
